// !$*UTF8*$!
{
	archiveVersion = 1;
	classes = {
	};
	objectVersion = 46;
	objects = {

/* Begin PBXBuildFile section */
		4C0C331A14FF790400A3EB60 /* video_player.html in Resources */ = {isa = PBXBuildFile; fileRef = 4C0C331914FF790400A3EB60 /* video_player.html */; };
		4C0C332A1500545100A3EB60 /* SNPlayingListViewController_iPhone.m in Sources */ = {isa = PBXBuildFile; fileRef = 4C0C33291500545100A3EB60 /* SNPlayingListViewController_iPhone.m */; };
		4C0C332D150054B500A3EB60 /* SNPlayingVideoItemView_iPhone.m in Sources */ = {isa = PBXBuildFile; fileRef = 4C0C332C150054B400A3EB60 /* SNPlayingVideoItemView_iPhone.m */; };
		4C365362150167EE006A4FFE /* SNNoAirplayView_iPad.m in Sources */ = {isa = PBXBuildFile; fileRef = 4C365361150167EE006A4FFE /* SNNoAirplayView_iPad.m */; };
		4C36536515016AB4006A4FFE /* SNVideoGridViewController_iPad.m in Sources */ = {isa = PBXBuildFile; fileRef = 4C36536415016AB4006A4FFE /* SNVideoGridViewController_iPad.m */; };
		4C36538215031964006A4FFE /* twitterWidgetPic.png in Resources */ = {isa = PBXBuildFile; fileRef = 4C36537E15031964006A4FFE /* twitterWidgetPic.png */; };
		4C36538315031964006A4FFE /* twitterWidgetPic@2x.png in Resources */ = {isa = PBXBuildFile; fileRef = 4C36537F15031964006A4FFE /* twitterWidgetPic@2x.png */; };
		4C36538415031964006A4FFE /* weatherWidgetSun.png in Resources */ = {isa = PBXBuildFile; fileRef = 4C36538015031964006A4FFE /* weatherWidgetSun.png */; };
		4C36538515031964006A4FFE /* weatherWidgetSun@2x.png in Resources */ = {isa = PBXBuildFile; fileRef = 4C36538115031964006A4FFE /* weatherWidgetSun@2x.png */; };
		4C48967714FB415E00C55125 /* airPlayIconButton_active.png in Resources */ = {isa = PBXBuildFile; fileRef = 4C48967314FB415E00C55125 /* airPlayIconButton_active.png */; };
		4C48967814FB415E00C55125 /* airPlayIconButton_active@2x.png in Resources */ = {isa = PBXBuildFile; fileRef = 4C48967414FB415E00C55125 /* airPlayIconButton_active@2x.png */; };
		4C48967914FB415E00C55125 /* airPlayIconButton_nonActive.png in Resources */ = {isa = PBXBuildFile; fileRef = 4C48967514FB415E00C55125 /* airPlayIconButton_nonActive.png */; };
		4C48967A14FB415E00C55125 /* airPlayIconButton_nonActive@2x.png in Resources */ = {isa = PBXBuildFile; fileRef = 4C48967614FB415E00C55125 /* airPlayIconButton_nonActive@2x.png */; };
		4C48968D14FB76DC00C55125 /* SNBaseListItemView_iPhone.m in Sources */ = {isa = PBXBuildFile; fileRef = 4C48968C14FB76DA00C55125 /* SNBaseListItemView_iPhone.m */; };
		4C7D600E14FF02B600156054 /* fpo_startVideo.mp3 in Resources */ = {isa = PBXBuildFile; fileRef = 4C7D600D14FF02B600156054 /* fpo_startVideo.mp3 */; };
		4C7D601214FF0E5C00156054 /* SNNoAirplayView_iPhone.m in Sources */ = {isa = PBXBuildFile; fileRef = 4C7D601114FF0E5C00156054 /* SNNoAirplayView_iPhone.m */; };
		4C8B444714FEA7D300F89F7C /* fpo_tapVideo.mp3 in Resources */ = {isa = PBXBuildFile; fileRef = 4C8B444614FEA7D300F89F7C /* fpo_tapVideo.mp3 */; };
		4C8B444A14FEA89600F89F7C /* AVFoundation.framework in Frameworks */ = {isa = PBXBuildFile; fileRef = 4C8B444814FEA88700F89F7C /* AVFoundation.framework */; };
		4C8B445C14FEE80200F89F7C /* UIImage+StackBlur.m in Sources */ = {isa = PBXBuildFile; fileRef = 4C8B445B14FEE80200F89F7C /* UIImage+StackBlur.m */; };
		4C91180214FD61D5001F8FD0 /* SNLogoView.m in Sources */ = {isa = PBXBuildFile; fileRef = 4C91180114FD61D5001F8FD0 /* SNLogoView.m */; };
		4C91180614FD66BC001F8FD0 /* SNClockView.m in Sources */ = {isa = PBXBuildFile; fileRef = 4C91180514FD66BC001F8FD0 /* SNClockView.m */; };
		4C9267CB15095AEC000015D3 /* PSYouTubeExtractor.m in Sources */ = {isa = PBXBuildFile; fileRef = 4C9267CA15095AEC000015D3 /* PSYouTubeExtractor.m */; };
		4CAF9D32150429B200AB3735 /* SNVideoPlayerViewController_iPhone.m in Sources */ = {isa = PBXBuildFile; fileRef = 4CAF9D31150429B100AB3735 /* SNVideoPlayerViewController_iPhone.m */; };
		4CAF9D3515043FD300AB3735 /* SNVideoItemView_iPad.m in Sources */ = {isa = PBXBuildFile; fileRef = 4CAF9D3415043FD300AB3735 /* SNVideoItemView_iPad.m */; };
		4CAF9D381505627300AB3735 /* SNTestVideoView.m in Sources */ = {isa = PBXBuildFile; fileRef = 4CAF9D371505627300AB3735 /* SNTestVideoView.m */; };
		4CAF9D3B1505787500AB3735 /* SNNoWifiView_iPhone.m in Sources */ = {isa = PBXBuildFile; fileRef = 4CAF9D3A1505787500AB3735 /* SNNoWifiView_iPhone.m */; };
		4CAF9D401506AFEB00AB3735 /* channels.plist in Resources */ = {isa = PBXBuildFile; fileRef = 4CAF9D3F1506AFEB00AB3735 /* channels.plist */; };
		4CAF9D431506B06400AB3735 /* SNChannelVO.m in Sources */ = {isa = PBXBuildFile; fileRef = 4CAF9D421506B06400AB3735 /* SNChannelVO.m */; };
		4CAF9D461506B1B100AB3735 /* SNChannelItemView_iPhone.m in Sources */ = {isa = PBXBuildFile; fileRef = 4CAF9D451506B1B000AB3735 /* SNChannelItemView_iPhone.m */; };
		4CAF9D4B1506D1D100AB3735 /* SNOptionItemView_iPhone.m in Sources */ = {isa = PBXBuildFile; fileRef = 4CAF9D481506D1CA00AB3735 /* SNOptionItemView_iPhone.m */; };
		4CAF9D4C1506D1D100AB3735 /* SNOptionsListView_iPhone.m in Sources */ = {isa = PBXBuildFile; fileRef = 4CAF9D4A1506D1CD00AB3735 /* SNOptionsListView_iPhone.m */; };
		4CB2289A14F3529600F5618D /* HelveticaNeueLTStd-Bd.otf in Resources */ = {isa = PBXBuildFile; fileRef = 4CB2289714F3529600F5618D /* HelveticaNeueLTStd-Bd.otf */; };
		4CB2289B14F3529600F5618D /* HelveticaNeueLTStd-Md.otf in Resources */ = {isa = PBXBuildFile; fileRef = 4CB2289814F3529600F5618D /* HelveticaNeueLTStd-Md.otf */; };
		4CB2289C14F3529600F5618D /* HelveticaNeueLTStd-Roman.otf in Resources */ = {isa = PBXBuildFile; fileRef = 4CB2289914F3529600F5618D /* HelveticaNeueLTStd-Roman.otf */; };
		4CB228BE14F4438D00F5618D /* checkMark.png in Resources */ = {isa = PBXBuildFile; fileRef = 4CB228BC14F4438D00F5618D /* checkMark.png */; };
		4CB228BF14F4438D00F5618D /* checkMark@2x.png in Resources */ = {isa = PBXBuildFile; fileRef = 4CB228BD14F4438D00F5618D /* checkMark@2x.png */; };
		4CB228F314F4872800F5618D /* loader_Image01_Business-iPhone.jpg in Resources */ = {isa = PBXBuildFile; fileRef = 4CB228EB14F4872800F5618D /* loader_Image01_Business-iPhone.jpg */; };
		4CB228F414F4872800F5618D /* loader_Image01_Business-iPhone@2x.jpg in Resources */ = {isa = PBXBuildFile; fileRef = 4CB228EC14F4872800F5618D /* loader_Image01_Business-iPhone@2x.jpg */; };
		4CB228F514F4872800F5618D /* loader_Image01_Tech-iPhone.jpg in Resources */ = {isa = PBXBuildFile; fileRef = 4CB228ED14F4872800F5618D /* loader_Image01_Tech-iPhone.jpg */; };
		4CB228F614F4872800F5618D /* loader_Image01_Tech-iPhone@2x.jpg in Resources */ = {isa = PBXBuildFile; fileRef = 4CB228EE14F4872800F5618D /* loader_Image01_Tech-iPhone@2x.jpg */; };
		4CB228F714F4872800F5618D /* loader_Image01_Trending-iPhone.jpg in Resources */ = {isa = PBXBuildFile; fileRef = 4CB228EF14F4872800F5618D /* loader_Image01_Trending-iPhone.jpg */; };
		4CB228F814F4872800F5618D /* loader_Image01_Trending-iPhone@2x.jpg in Resources */ = {isa = PBXBuildFile; fileRef = 4CB228F014F4872800F5618D /* loader_Image01_Trending-iPhone@2x.jpg */; };
		4CB228F914F4872800F5618D /* loader_Image03_Sports-iPhone.jpg in Resources */ = {isa = PBXBuildFile; fileRef = 4CB228F114F4872800F5618D /* loader_Image03_Sports-iPhone.jpg */; };
		4CB228FA14F4872800F5618D /* loader_Image03_Sports-iPhone@2x.jpg in Resources */ = {isa = PBXBuildFile; fileRef = 4CB228F214F4872800F5618D /* loader_Image03_Sports-iPhone@2x.jpg */; };
		4CB2291C14F60E1100F5618D /* SNVideoSearchView_iPhone.m in Sources */ = {isa = PBXBuildFile; fileRef = 4CB2291B14F60E1000F5618D /* SNVideoSearchView_iPhone.m */; };
		4CB2293014F7013400F5618D /* TableViewPullAppDelegate.m in Sources */ = {isa = PBXBuildFile; fileRef = 4CB2292F14F7013400F5618D /* TableViewPullAppDelegate.m */; };
		4CB2293414F7017D00F5618D /* EGORefreshTableHeaderView.m in Sources */ = {isa = PBXBuildFile; fileRef = 4CB2293314F7017D00F5618D /* EGORefreshTableHeaderView.m */; };
		4CB2293714F70A4A00F5618D /* QuartzCore.framework in Frameworks */ = {isa = PBXBuildFile; fileRef = 4CB2293514F70A2D00F5618D /* QuartzCore.framework */; };
		4CDC8BF214F2CDEB00D42EA5 /* UIKit.framework in Frameworks */ = {isa = PBXBuildFile; fileRef = 4CDC8BF114F2CDEB00D42EA5 /* UIKit.framework */; };
		4CDC8BF414F2CDEB00D42EA5 /* Foundation.framework in Frameworks */ = {isa = PBXBuildFile; fileRef = 4CDC8BF314F2CDEB00D42EA5 /* Foundation.framework */; };
		4CDC8BF614F2CDEB00D42EA5 /* CoreGraphics.framework in Frameworks */ = {isa = PBXBuildFile; fileRef = 4CDC8BF514F2CDEB00D42EA5 /* CoreGraphics.framework */; };
		4CDC8BFC14F2CDEB00D42EA5 /* InfoPlist.strings in Resources */ = {isa = PBXBuildFile; fileRef = 4CDC8BFA14F2CDEB00D42EA5 /* InfoPlist.strings */; };
		4CDC8BFE14F2CDEB00D42EA5 /* main.m in Sources */ = {isa = PBXBuildFile; fileRef = 4CDC8BFD14F2CDEB00D42EA5 /* main.m */; };
		4CDC8C0814F2CDEB00D42EA5 /* SNViewController_iPhone.xib in Resources */ = {isa = PBXBuildFile; fileRef = 4CDC8C0614F2CDEB00D42EA5 /* SNViewController_iPhone.xib */; };
		4CDC8C0B14F2CDEB00D42EA5 /* SNViewController_iPad.xib in Resources */ = {isa = PBXBuildFile; fileRef = 4CDC8C0914F2CDEB00D42EA5 /* SNViewController_iPad.xib */; };
		4CDC8C1814F2D07000D42EA5 /* SNAppDelegate.m in Sources */ = {isa = PBXBuildFile; fileRef = 4CDC8C1514F2D07000D42EA5 /* SNAppDelegate.m */; };
		4CDC8C4B14F2D71800D42EA5 /* ASIAuthenticationDialog.m in Sources */ = {isa = PBXBuildFile; fileRef = 4CDC8C2614F2D71800D42EA5 /* ASIAuthenticationDialog.m */; };
		4CDC8C4C14F2D71800D42EA5 /* ASIDataCompressor.m in Sources */ = {isa = PBXBuildFile; fileRef = 4CDC8C2914F2D71800D42EA5 /* ASIDataCompressor.m */; };
		4CDC8C4D14F2D71800D42EA5 /* ASIDataDecompressor.m in Sources */ = {isa = PBXBuildFile; fileRef = 4CDC8C2B14F2D71800D42EA5 /* ASIDataDecompressor.m */; };
		4CDC8C4E14F2D71800D42EA5 /* ASIDownloadCache.m in Sources */ = {isa = PBXBuildFile; fileRef = 4CDC8C2D14F2D71800D42EA5 /* ASIDownloadCache.m */; };
		4CDC8C4F14F2D71800D42EA5 /* ASIFormDataRequest.m in Sources */ = {isa = PBXBuildFile; fileRef = 4CDC8C2F14F2D71800D42EA5 /* ASIFormDataRequest.m */; };
		4CDC8C5014F2D71800D42EA5 /* ASIHTTPRequest.m in Sources */ = {isa = PBXBuildFile; fileRef = 4CDC8C3114F2D71800D42EA5 /* ASIHTTPRequest.m */; };
		4CDC8C5114F2D71800D42EA5 /* ASIInputStream.m in Sources */ = {isa = PBXBuildFile; fileRef = 4CDC8C3514F2D71800D42EA5 /* ASIInputStream.m */; };
		4CDC8C5214F2D71800D42EA5 /* ASINetworkQueue.m in Sources */ = {isa = PBXBuildFile; fileRef = 4CDC8C3714F2D71800D42EA5 /* ASINetworkQueue.m */; };
		4CDC8C5314F2D71800D42EA5 /* EGOCache.m in Sources */ = {isa = PBXBuildFile; fileRef = 4CDC8C3C14F2D71800D42EA5 /* EGOCache.m */; };
		4CDC8C5414F2D71800D42EA5 /* EGOImageButton.m in Sources */ = {isa = PBXBuildFile; fileRef = 4CDC8C3F14F2D71800D42EA5 /* EGOImageButton.m */; };
		4CDC8C5514F2D71800D42EA5 /* EGOImageLoadConnection.m in Sources */ = {isa = PBXBuildFile; fileRef = 4CDC8C4214F2D71800D42EA5 /* EGOImageLoadConnection.m */; };
		4CDC8C5614F2D71800D42EA5 /* EGOImageLoader.m in Sources */ = {isa = PBXBuildFile; fileRef = 4CDC8C4414F2D71800D42EA5 /* EGOImageLoader.m */; };
		4CDC8C5714F2D71800D42EA5 /* EGOImageView.m in Sources */ = {isa = PBXBuildFile; fileRef = 4CDC8C4714F2D71800D42EA5 /* EGOImageView.m */; };
		4CDC8C5814F2D71800D42EA5 /* MBProgressHUD.m in Sources */ = {isa = PBXBuildFile; fileRef = 4CDC8C4A14F2D71800D42EA5 /* MBProgressHUD.m */; };
		4CDC8C6B14F2D7B800D42EA5 /* CFNetwork.framework in Frameworks */ = {isa = PBXBuildFile; fileRef = 4CDC8C6914F2D7A200D42EA5 /* CFNetwork.framework */; };
		4CDC8C6C14F2D7BC00D42EA5 /* SystemConfiguration.framework in Frameworks */ = {isa = PBXBuildFile; fileRef = 4CDC8C6714F2D79500D42EA5 /* SystemConfiguration.framework */; };
		4CDC8C6D14F2D7C000D42EA5 /* MobileCoreServices.framework in Frameworks */ = {isa = PBXBuildFile; fileRef = 4CDC8C6514F2D78900D42EA5 /* MobileCoreServices.framework */; };
		4CDC8C6E14F2D7C400D42EA5 /* StoreKit.framework in Frameworks */ = {isa = PBXBuildFile; fileRef = 4CDC8C6314F2D77D00D42EA5 /* StoreKit.framework */; };
		4CDC8C6F14F2D7C800D42EA5 /* CoreTelephony.framework in Frameworks */ = {isa = PBXBuildFile; fileRef = 4CDC8C6114F2D77100D42EA5 /* CoreTelephony.framework */; };
		4CDC8C7014F2D7CD00D42EA5 /* AudioToolbox.framework in Frameworks */ = {isa = PBXBuildFile; fileRef = 4CDC8C5F14F2D76500D42EA5 /* AudioToolbox.framework */; };
		4CDC8C7114F2D7D100D42EA5 /* MessageUI.framework in Frameworks */ = {isa = PBXBuildFile; fileRef = 4CDC8C5D14F2D75B00D42EA5 /* MessageUI.framework */; };
		4CDC8C7214F2D7D600D42EA5 /* Security.framework in Frameworks */ = {isa = PBXBuildFile; fileRef = 4CDC8C5B14F2D74B00D42EA5 /* Security.framework */; };
		4CDC8C7314F2D7DC00D42EA5 /* MediaPlayer.framework in Frameworks */ = {isa = PBXBuildFile; fileRef = 4CDC8C5914F2D73F00D42EA5 /* MediaPlayer.framework */; };
		4CDC8C7714F2D80300D42EA5 /* Reachability.m in Sources */ = {isa = PBXBuildFile; fileRef = 4CDC8C7614F2D80300D42EA5 /* Reachability.m */; };
		4CDC8C7914F2D82100D42EA5 /* libxml2.dylib in Frameworks */ = {isa = PBXBuildFile; fileRef = 4CDC8C7814F2D82100D42EA5 /* libxml2.dylib */; };
		4CDC8C7B14F2D83000D42EA5 /* libz.1.2.5.dylib in Frameworks */ = {isa = PBXBuildFile; fileRef = 4CDC8C7A14F2D83000D42EA5 /* libz.1.2.5.dylib */; };
		4CDC8C7D14F2D84200D42EA5 /* libsqlite3.dylib in Frameworks */ = {isa = PBXBuildFile; fileRef = 4CDC8C7C14F2D84200D42EA5 /* libsqlite3.dylib */; };
		4CDC8C8514F2DB4000D42EA5 /* video_items.plist in Resources */ = {isa = PBXBuildFile; fileRef = 4CDC8C8414F2DB4000D42EA5 /* video_items.plist */; };
		4CDC8C8A14F2E3E000D42EA5 /* Jurassic Park - Dodson & Nedry.mp4 in Resources */ = {isa = PBXBuildFile; fileRef = 4CDC8C8914F2E3E000D42EA5 /* Jurassic Park - Dodson & Nedry.mp4 */; };
		4CE1212514F2FDDE0024171A /* SNVideoItemVO.m in Sources */ = {isa = PBXBuildFile; fileRef = 4CE1212414F2FDDE0024171A /* SNVideoItemVO.m */; };
		4CE53DE81509E9FB004C6810 /* icon_57x57.png in Resources */ = {isa = PBXBuildFile; fileRef = 4CE53DE71509E9FB004C6810 /* icon_57x57.png */; };
		4CE53DEA1509EA55004C6810 /* icon_114x114.png in Resources */ = {isa = PBXBuildFile; fileRef = 4CE53DE91509EA55004C6810 /* icon_114x114.png */; };
		4CE53DED1509EAA3004C6810 /* Default.png in Resources */ = {isa = PBXBuildFile; fileRef = 4CE53DEB1509EAA2004C6810 /* Default.png */; };
		4CE53DEE1509EAA3004C6810 /* Default@2x.png in Resources */ = {isa = PBXBuildFile; fileRef = 4CE53DEC1509EAA3004C6810 /* Default@2x.png */; };
		4CE53DF21509EE9C004C6810 /* Default-iPad_landscape@2x.png in Resources */ = {isa = PBXBuildFile; fileRef = 4CE53DF01509EE9C004C6810 /* Default-iPad_landscape@2x.png */; };
		4CE53DF41509EEA2004C6810 /* Default-Landscape~ipad.png in Resources */ = {isa = PBXBuildFile; fileRef = 4CE53DF31509EEA2004C6810 /* Default-Landscape~ipad.png */; };
		4CE53DF91509F136004C6810 /* closeButton_active.png in Resources */ = {isa = PBXBuildFile; fileRef = 4CE53DF51509F136004C6810 /* closeButton_active.png */; };
		4CE53DFA1509F136004C6810 /* closeButton_active@2x.png in Resources */ = {isa = PBXBuildFile; fileRef = 4CE53DF61509F136004C6810 /* closeButton_active@2x.png */; };
		4CE53DFB1509F136004C6810 /* closeButton_nonActive.png in Resources */ = {isa = PBXBuildFile; fileRef = 4CE53DF71509F136004C6810 /* closeButton_nonActive.png */; };
		4CE53DFC1509F136004C6810 /* closeButton_nonActive@2x.png in Resources */ = {isa = PBXBuildFile; fileRef = 4CE53DF81509F136004C6810 /* closeButton_nonActive@2x.png */; };
		4CE53E011509F1BD004C6810 /* shareButton_active.png in Resources */ = {isa = PBXBuildFile; fileRef = 4CE53DFD1509F1BD004C6810 /* shareButton_active.png */; };
		4CE53E021509F1BD004C6810 /* shareButton_active@2x.png in Resources */ = {isa = PBXBuildFile; fileRef = 4CE53DFE1509F1BD004C6810 /* shareButton_active@2x.png */; };
		4CE53E031509F1BD004C6810 /* shareButton_nonActive.png in Resources */ = {isa = PBXBuildFile; fileRef = 4CE53DFF1509F1BD004C6810 /* shareButton_nonActive.png */; };
		4CE53E041509F1BD004C6810 /* shareButton_nonActive@2x.png in Resources */ = {isa = PBXBuildFile; fileRef = 4CE53E001509F1BD004C6810 /* shareButton_nonActive@2x.png */; };
		4CEF4A6E1506D46E00A1AD7E /* SNOptionVO.m in Sources */ = {isa = PBXBuildFile; fileRef = 4CEF4A6D1506D46E00A1AD7E /* SNOptionVO.m */; };
		4CEF4A701506D58E00A1AD7E /* options.plist in Resources */ = {isa = PBXBuildFile; fileRef = 4CEF4A6F1506D58E00A1AD7E /* options.plist */; };
		4CEF4A761506EA3800A1AD7E /* blinkingCursor.png in Resources */ = {isa = PBXBuildFile; fileRef = 4CEF4A741506EA3800A1AD7E /* blinkingCursor.png */; };
		4CEF4A771506EA3800A1AD7E /* blinkingCursor@2x.png in Resources */ = {isa = PBXBuildFile; fileRef = 4CEF4A751506EA3800A1AD7E /* blinkingCursor@2x.png */; };
		4CEF4A821506EB3100A1AD7E /* hd-icon.png in Resources */ = {isa = PBXBuildFile; fileRef = 4CEF4A801506EB3100A1AD7E /* hd-icon.png */; };
		4CEF4A831506EB3100A1AD7E /* hd-icon@2x.png in Resources */ = {isa = PBXBuildFile; fileRef = 4CEF4A811506EB3100A1AD7E /* hd-icon@2x.png */; };
		4CEF4A941506EBE800A1AD7E /* pauseButton_Active.png in Resources */ = {isa = PBXBuildFile; fileRef = 4CEF4A841506EBE800A1AD7E /* pauseButton_Active.png */; };
		4CEF4A951506EBE800A1AD7E /* pauseButton_Active@2x.png in Resources */ = {isa = PBXBuildFile; fileRef = 4CEF4A851506EBE800A1AD7E /* pauseButton_Active@2x.png */; };
		4CEF4A961506EBE800A1AD7E /* pauseButton_iPad_Active.png in Resources */ = {isa = PBXBuildFile; fileRef = 4CEF4A861506EBE800A1AD7E /* pauseButton_iPad_Active.png */; };
		4CEF4A971506EBE800A1AD7E /* pauseButton_iPad_Active@2x.png in Resources */ = {isa = PBXBuildFile; fileRef = 4CEF4A871506EBE800A1AD7E /* pauseButton_iPad_Active@2x.png */; };
		4CEF4A981506EBE800A1AD7E /* pauseButton_iPad_nonActive.png in Resources */ = {isa = PBXBuildFile; fileRef = 4CEF4A881506EBE800A1AD7E /* pauseButton_iPad_nonActive.png */; };
		4CEF4A991506EBE800A1AD7E /* pauseButton_iPad_nonActive@2x.png in Resources */ = {isa = PBXBuildFile; fileRef = 4CEF4A891506EBE800A1AD7E /* pauseButton_iPad_nonActive@2x.png */; };
		4CEF4A9A1506EBE800A1AD7E /* pauseButton_nonActive.png in Resources */ = {isa = PBXBuildFile; fileRef = 4CEF4A8A1506EBE800A1AD7E /* pauseButton_nonActive.png */; };
		4CEF4A9B1506EBE800A1AD7E /* pauseButton_nonActive@2x.png in Resources */ = {isa = PBXBuildFile; fileRef = 4CEF4A8B1506EBE800A1AD7E /* pauseButton_nonActive@2x.png */; };
		4CEF4A9C1506EBE800A1AD7E /* playButton_Active.png in Resources */ = {isa = PBXBuildFile; fileRef = 4CEF4A8C1506EBE800A1AD7E /* playButton_Active.png */; };
		4CEF4A9D1506EBE800A1AD7E /* playButton_Active@2x.png in Resources */ = {isa = PBXBuildFile; fileRef = 4CEF4A8D1506EBE800A1AD7E /* playButton_Active@2x.png */; };
		4CEF4A9E1506EBE800A1AD7E /* playButton_iPad_Active.png in Resources */ = {isa = PBXBuildFile; fileRef = 4CEF4A8E1506EBE800A1AD7E /* playButton_iPad_Active.png */; };
		4CEF4A9F1506EBE800A1AD7E /* playButton_iPad_Active@2x.png in Resources */ = {isa = PBXBuildFile; fileRef = 4CEF4A8F1506EBE800A1AD7E /* playButton_iPad_Active@2x.png */; };
		4CEF4AA01506EBE800A1AD7E /* playButton_iPad_nonActive.png in Resources */ = {isa = PBXBuildFile; fileRef = 4CEF4A901506EBE800A1AD7E /* playButton_iPad_nonActive.png */; };
		4CEF4AA11506EBE800A1AD7E /* playButton_iPad_nonActive@2x.png in Resources */ = {isa = PBXBuildFile; fileRef = 4CEF4A911506EBE800A1AD7E /* playButton_iPad_nonActive@2x.png */; };
		4CEF4AA21506EBE800A1AD7E /* playButton_nonActive.png in Resources */ = {isa = PBXBuildFile; fileRef = 4CEF4A921506EBE800A1AD7E /* playButton_nonActive.png */; };
		4CEF4AA31506EBE800A1AD7E /* playButton_nonActive@2x.png in Resources */ = {isa = PBXBuildFile; fileRef = 4CEF4A931506EBE800A1AD7E /* playButton_nonActive@2x.png */; };
		4CEF4AA61506ED1B00A1AD7E /* SNChannelGridViewController_iPhone.m in Sources */ = {isa = PBXBuildFile; fileRef = 4CEF4AA51506ED1B00A1AD7E /* SNChannelGridViewController_iPhone.m */; };
		4CEF4AAD1506F3E000A1AD7E /* pagination_nonActive.png in Resources */ = {isa = PBXBuildFile; fileRef = 4CEF4AA71506F3E000A1AD7E /* pagination_nonActive.png */; };
		4CEF4AAE1506F3E000A1AD7E /* pagination_nonActive@2x.png in Resources */ = {isa = PBXBuildFile; fileRef = 4CEF4AA81506F3E000A1AD7E /* pagination_nonActive@2x.png */; };
		4CEF4AAF1506F3E000A1AD7E /* paginationActive.png in Resources */ = {isa = PBXBuildFile; fileRef = 4CEF4AA91506F3E000A1AD7E /* paginationActive.png */; };
		4CEF4AB01506F3E000A1AD7E /* paginationActive@2x.png in Resources */ = {isa = PBXBuildFile; fileRef = 4CEF4AAA1506F3E000A1AD7E /* paginationActive@2x.png */; };
		4CEF4AB11506F3E000A1AD7E /* paginationBG.png in Resources */ = {isa = PBXBuildFile; fileRef = 4CEF4AAB1506F3E000A1AD7E /* paginationBG.png */; };
		4CEF4AB21506F3E000A1AD7E /* paginationBG@2x.png in Resources */ = {isa = PBXBuildFile; fileRef = 4CEF4AAC1506F3E000A1AD7E /* paginationBG@2x.png */; };
		4CEF4AB91506F44000A1AD7E /* SNPaginationView.m in Sources */ = {isa = PBXBuildFile; fileRef = 4CEF4AB81506F44000A1AD7E /* SNPaginationView.m */; };
/* End PBXBuildFile section */

/* Begin PBXFileReference section */
		4C0C331914FF790400A3EB60 /* video_player.html */ = {isa = PBXFileReference; fileEncoding = 4; lastKnownFileType = text.html; path = video_player.html; sourceTree = "<group>"; };
		4C0C33281500545100A3EB60 /* SNPlayingListViewController_iPhone.h */ = {isa = PBXFileReference; fileEncoding = 4; lastKnownFileType = sourcecode.c.h; path = SNPlayingListViewController_iPhone.h; sourceTree = "<group>"; };
		4C0C33291500545100A3EB60 /* SNPlayingListViewController_iPhone.m */ = {isa = PBXFileReference; fileEncoding = 4; lastKnownFileType = sourcecode.c.objc; path = SNPlayingListViewController_iPhone.m; sourceTree = "<group>"; };
		4C0C332B150054B400A3EB60 /* SNPlayingVideoItemView_iPhone.h */ = {isa = PBXFileReference; fileEncoding = 4; lastKnownFileType = sourcecode.c.h; path = SNPlayingVideoItemView_iPhone.h; sourceTree = "<group>"; };
		4C0C332C150054B400A3EB60 /* SNPlayingVideoItemView_iPhone.m */ = {isa = PBXFileReference; fileEncoding = 4; lastKnownFileType = sourcecode.c.objc; path = SNPlayingVideoItemView_iPhone.m; sourceTree = "<group>"; };
		4C365360150167EE006A4FFE /* SNNoAirplayView_iPad.h */ = {isa = PBXFileReference; fileEncoding = 4; lastKnownFileType = sourcecode.c.h; path = SNNoAirplayView_iPad.h; sourceTree = "<group>"; };
		4C365361150167EE006A4FFE /* SNNoAirplayView_iPad.m */ = {isa = PBXFileReference; fileEncoding = 4; lastKnownFileType = sourcecode.c.objc; path = SNNoAirplayView_iPad.m; sourceTree = "<group>"; };
		4C36536315016AB4006A4FFE /* SNVideoGridViewController_iPad.h */ = {isa = PBXFileReference; fileEncoding = 4; lastKnownFileType = sourcecode.c.h; path = SNVideoGridViewController_iPad.h; sourceTree = "<group>"; };
		4C36536415016AB4006A4FFE /* SNVideoGridViewController_iPad.m */ = {isa = PBXFileReference; fileEncoding = 4; lastKnownFileType = sourcecode.c.objc; path = SNVideoGridViewController_iPad.m; sourceTree = "<group>"; };
		4C36537E15031964006A4FFE /* twitterWidgetPic.png */ = {isa = PBXFileReference; lastKnownFileType = image.png; path = twitterWidgetPic.png; sourceTree = "<group>"; };
		4C36537F15031964006A4FFE /* twitterWidgetPic@2x.png */ = {isa = PBXFileReference; lastKnownFileType = image.png; path = "twitterWidgetPic@2x.png"; sourceTree = "<group>"; };
		4C36538015031964006A4FFE /* weatherWidgetSun.png */ = {isa = PBXFileReference; lastKnownFileType = image.png; path = weatherWidgetSun.png; sourceTree = "<group>"; };
		4C36538115031964006A4FFE /* weatherWidgetSun@2x.png */ = {isa = PBXFileReference; lastKnownFileType = image.png; path = "weatherWidgetSun@2x.png"; sourceTree = "<group>"; };
		4C48967314FB415E00C55125 /* airPlayIconButton_active.png */ = {isa = PBXFileReference; lastKnownFileType = image.png; path = airPlayIconButton_active.png; sourceTree = "<group>"; };
		4C48967414FB415E00C55125 /* airPlayIconButton_active@2x.png */ = {isa = PBXFileReference; lastKnownFileType = image.png; path = "airPlayIconButton_active@2x.png"; sourceTree = "<group>"; };
		4C48967514FB415E00C55125 /* airPlayIconButton_nonActive.png */ = {isa = PBXFileReference; lastKnownFileType = image.png; path = airPlayIconButton_nonActive.png; sourceTree = "<group>"; };
		4C48967614FB415E00C55125 /* airPlayIconButton_nonActive@2x.png */ = {isa = PBXFileReference; lastKnownFileType = image.png; path = "airPlayIconButton_nonActive@2x.png"; sourceTree = "<group>"; };
		4C48968B14FB76DA00C55125 /* SNBaseListItemView_iPhone.h */ = {isa = PBXFileReference; fileEncoding = 4; lastKnownFileType = sourcecode.c.h; path = SNBaseListItemView_iPhone.h; sourceTree = "<group>"; };
		4C48968C14FB76DA00C55125 /* SNBaseListItemView_iPhone.m */ = {isa = PBXFileReference; fileEncoding = 4; lastKnownFileType = sourcecode.c.objc; path = SNBaseListItemView_iPhone.m; sourceTree = "<group>"; };
		4C7D600D14FF02B600156054 /* fpo_startVideo.mp3 */ = {isa = PBXFileReference; lastKnownFileType = audio.mp3; path = fpo_startVideo.mp3; sourceTree = "<group>"; };
		4C7D601014FF0E5C00156054 /* SNNoAirplayView_iPhone.h */ = {isa = PBXFileReference; fileEncoding = 4; lastKnownFileType = sourcecode.c.h; path = SNNoAirplayView_iPhone.h; sourceTree = "<group>"; };
		4C7D601114FF0E5C00156054 /* SNNoAirplayView_iPhone.m */ = {isa = PBXFileReference; fileEncoding = 4; lastKnownFileType = sourcecode.c.objc; path = SNNoAirplayView_iPhone.m; sourceTree = "<group>"; };
		4C8B444614FEA7D300F89F7C /* fpo_tapVideo.mp3 */ = {isa = PBXFileReference; lastKnownFileType = audio.mp3; path = fpo_tapVideo.mp3; sourceTree = "<group>"; };
		4C8B444814FEA88700F89F7C /* AVFoundation.framework */ = {isa = PBXFileReference; lastKnownFileType = wrapper.framework; name = AVFoundation.framework; path = System/Library/Frameworks/AVFoundation.framework; sourceTree = SDKROOT; };
		4C8B445A14FEE80200F89F7C /* UIImage+StackBlur.h */ = {isa = PBXFileReference; fileEncoding = 4; lastKnownFileType = sourcecode.c.h; path = "UIImage+StackBlur.h"; sourceTree = "<group>"; };
		4C8B445B14FEE80200F89F7C /* UIImage+StackBlur.m */ = {isa = PBXFileReference; fileEncoding = 4; lastKnownFileType = sourcecode.c.objc; path = "UIImage+StackBlur.m"; sourceTree = "<group>"; };
		4C91180014FD61D5001F8FD0 /* SNLogoView.h */ = {isa = PBXFileReference; fileEncoding = 4; lastKnownFileType = sourcecode.c.h; path = SNLogoView.h; sourceTree = "<group>"; };
		4C91180114FD61D5001F8FD0 /* SNLogoView.m */ = {isa = PBXFileReference; fileEncoding = 4; lastKnownFileType = sourcecode.c.objc; path = SNLogoView.m; sourceTree = "<group>"; };
		4C91180414FD66BC001F8FD0 /* SNClockView.h */ = {isa = PBXFileReference; fileEncoding = 4; lastKnownFileType = sourcecode.c.h; path = SNClockView.h; sourceTree = "<group>"; };
		4C91180514FD66BC001F8FD0 /* SNClockView.m */ = {isa = PBXFileReference; fileEncoding = 4; lastKnownFileType = sourcecode.c.objc; path = SNClockView.m; sourceTree = "<group>"; };
		4C9267C915095AEC000015D3 /* PSYouTubeExtractor.h */ = {isa = PBXFileReference; fileEncoding = 4; lastKnownFileType = sourcecode.c.h; path = PSYouTubeExtractor.h; sourceTree = "<group>"; };
		4C9267CA15095AEC000015D3 /* PSYouTubeExtractor.m */ = {isa = PBXFileReference; fileEncoding = 4; lastKnownFileType = sourcecode.c.objc; path = PSYouTubeExtractor.m; sourceTree = "<group>"; };
		4CAF9D30150429B100AB3735 /* SNVideoPlayerViewController_iPhone.h */ = {isa = PBXFileReference; fileEncoding = 4; lastKnownFileType = sourcecode.c.h; path = SNVideoPlayerViewController_iPhone.h; sourceTree = "<group>"; };
		4CAF9D31150429B100AB3735 /* SNVideoPlayerViewController_iPhone.m */ = {isa = PBXFileReference; fileEncoding = 4; lastKnownFileType = sourcecode.c.objc; path = SNVideoPlayerViewController_iPhone.m; sourceTree = "<group>"; };
		4CAF9D3315043FD300AB3735 /* SNVideoItemView_iPad.h */ = {isa = PBXFileReference; fileEncoding = 4; lastKnownFileType = sourcecode.c.h; path = SNVideoItemView_iPad.h; sourceTree = "<group>"; };
		4CAF9D3415043FD300AB3735 /* SNVideoItemView_iPad.m */ = {isa = PBXFileReference; fileEncoding = 4; lastKnownFileType = sourcecode.c.objc; path = SNVideoItemView_iPad.m; sourceTree = "<group>"; };
		4CAF9D361505627300AB3735 /* SNTestVideoView.h */ = {isa = PBXFileReference; fileEncoding = 4; lastKnownFileType = sourcecode.c.h; path = SNTestVideoView.h; sourceTree = "<group>"; };
		4CAF9D371505627300AB3735 /* SNTestVideoView.m */ = {isa = PBXFileReference; fileEncoding = 4; lastKnownFileType = sourcecode.c.objc; path = SNTestVideoView.m; sourceTree = "<group>"; };
		4CAF9D391505787500AB3735 /* SNNoWifiView_iPhone.h */ = {isa = PBXFileReference; fileEncoding = 4; lastKnownFileType = sourcecode.c.h; path = SNNoWifiView_iPhone.h; sourceTree = "<group>"; };
		4CAF9D3A1505787500AB3735 /* SNNoWifiView_iPhone.m */ = {isa = PBXFileReference; fileEncoding = 4; lastKnownFileType = sourcecode.c.objc; path = SNNoWifiView_iPhone.m; sourceTree = "<group>"; };
		4CAF9D3F1506AFEB00AB3735 /* channels.plist */ = {isa = PBXFileReference; fileEncoding = 4; lastKnownFileType = text.plist.xml; path = channels.plist; sourceTree = "<group>"; };
		4CAF9D411506B06400AB3735 /* SNChannelVO.h */ = {isa = PBXFileReference; fileEncoding = 4; lastKnownFileType = sourcecode.c.h; path = SNChannelVO.h; sourceTree = "<group>"; };
		4CAF9D421506B06400AB3735 /* SNChannelVO.m */ = {isa = PBXFileReference; fileEncoding = 4; lastKnownFileType = sourcecode.c.objc; path = SNChannelVO.m; sourceTree = "<group>"; };
		4CAF9D441506B1AE00AB3735 /* SNChannelItemView_iPhone.h */ = {isa = PBXFileReference; fileEncoding = 4; lastKnownFileType = sourcecode.c.h; path = SNChannelItemView_iPhone.h; sourceTree = "<group>"; };
		4CAF9D451506B1B000AB3735 /* SNChannelItemView_iPhone.m */ = {isa = PBXFileReference; fileEncoding = 4; lastKnownFileType = sourcecode.c.objc; path = SNChannelItemView_iPhone.m; sourceTree = "<group>"; };
		4CAF9D471506D1C900AB3735 /* SNOptionItemView_iPhone.h */ = {isa = PBXFileReference; fileEncoding = 4; lastKnownFileType = sourcecode.c.h; path = SNOptionItemView_iPhone.h; sourceTree = "<group>"; };
		4CAF9D481506D1CA00AB3735 /* SNOptionItemView_iPhone.m */ = {isa = PBXFileReference; fileEncoding = 4; lastKnownFileType = sourcecode.c.objc; path = SNOptionItemView_iPhone.m; sourceTree = "<group>"; };
		4CAF9D491506D1CC00AB3735 /* SNOptionsListView_iPhone.h */ = {isa = PBXFileReference; fileEncoding = 4; lastKnownFileType = sourcecode.c.h; path = SNOptionsListView_iPhone.h; sourceTree = "<group>"; };
		4CAF9D4A1506D1CD00AB3735 /* SNOptionsListView_iPhone.m */ = {isa = PBXFileReference; fileEncoding = 4; lastKnownFileType = sourcecode.c.objc; path = SNOptionsListView_iPhone.m; sourceTree = "<group>"; };
		4CB2289714F3529600F5618D /* HelveticaNeueLTStd-Bd.otf */ = {isa = PBXFileReference; lastKnownFileType = file; path = "HelveticaNeueLTStd-Bd.otf"; sourceTree = "<group>"; };
		4CB2289814F3529600F5618D /* HelveticaNeueLTStd-Md.otf */ = {isa = PBXFileReference; lastKnownFileType = file; path = "HelveticaNeueLTStd-Md.otf"; sourceTree = "<group>"; };
		4CB2289914F3529600F5618D /* HelveticaNeueLTStd-Roman.otf */ = {isa = PBXFileReference; lastKnownFileType = file; path = "HelveticaNeueLTStd-Roman.otf"; sourceTree = "<group>"; };
		4CB228BC14F4438D00F5618D /* checkMark.png */ = {isa = PBXFileReference; lastKnownFileType = image.png; path = checkMark.png; sourceTree = "<group>"; };
		4CB228BD14F4438D00F5618D /* checkMark@2x.png */ = {isa = PBXFileReference; lastKnownFileType = image.png; path = "checkMark@2x.png"; sourceTree = "<group>"; };
		4CB228EB14F4872800F5618D /* loader_Image01_Business-iPhone.jpg */ = {isa = PBXFileReference; lastKnownFileType = image.jpeg; path = "loader_Image01_Business-iPhone.jpg"; sourceTree = "<group>"; };
		4CB228EC14F4872800F5618D /* loader_Image01_Business-iPhone@2x.jpg */ = {isa = PBXFileReference; lastKnownFileType = image.jpeg; path = "loader_Image01_Business-iPhone@2x.jpg"; sourceTree = "<group>"; };
		4CB228ED14F4872800F5618D /* loader_Image01_Tech-iPhone.jpg */ = {isa = PBXFileReference; lastKnownFileType = image.jpeg; path = "loader_Image01_Tech-iPhone.jpg"; sourceTree = "<group>"; };
		4CB228EE14F4872800F5618D /* loader_Image01_Tech-iPhone@2x.jpg */ = {isa = PBXFileReference; lastKnownFileType = image.jpeg; path = "loader_Image01_Tech-iPhone@2x.jpg"; sourceTree = "<group>"; };
		4CB228EF14F4872800F5618D /* loader_Image01_Trending-iPhone.jpg */ = {isa = PBXFileReference; lastKnownFileType = image.jpeg; path = "loader_Image01_Trending-iPhone.jpg"; sourceTree = "<group>"; };
		4CB228F014F4872800F5618D /* loader_Image01_Trending-iPhone@2x.jpg */ = {isa = PBXFileReference; lastKnownFileType = image.jpeg; path = "loader_Image01_Trending-iPhone@2x.jpg"; sourceTree = "<group>"; };
		4CB228F114F4872800F5618D /* loader_Image03_Sports-iPhone.jpg */ = {isa = PBXFileReference; lastKnownFileType = image.jpeg; path = "loader_Image03_Sports-iPhone.jpg"; sourceTree = "<group>"; };
		4CB228F214F4872800F5618D /* loader_Image03_Sports-iPhone@2x.jpg */ = {isa = PBXFileReference; lastKnownFileType = image.jpeg; path = "loader_Image03_Sports-iPhone@2x.jpg"; sourceTree = "<group>"; };
		4CB2291A14F60E1000F5618D /* SNVideoSearchView_iPhone.h */ = {isa = PBXFileReference; fileEncoding = 4; lastKnownFileType = sourcecode.c.h; path = SNVideoSearchView_iPhone.h; sourceTree = "<group>"; };
		4CB2291B14F60E1000F5618D /* SNVideoSearchView_iPhone.m */ = {isa = PBXFileReference; fileEncoding = 4; lastKnownFileType = sourcecode.c.objc; path = SNVideoSearchView_iPhone.m; sourceTree = "<group>"; };
		4CB2292E14F7013400F5618D /* TableViewPullAppDelegate.h */ = {isa = PBXFileReference; fileEncoding = 4; lastKnownFileType = sourcecode.c.h; path = TableViewPullAppDelegate.h; sourceTree = "<group>"; };
		4CB2292F14F7013400F5618D /* TableViewPullAppDelegate.m */ = {isa = PBXFileReference; fileEncoding = 4; lastKnownFileType = sourcecode.c.objc; path = TableViewPullAppDelegate.m; sourceTree = "<group>"; };
		4CB2293214F7017D00F5618D /* EGORefreshTableHeaderView.h */ = {isa = PBXFileReference; fileEncoding = 4; lastKnownFileType = sourcecode.c.h; path = EGORefreshTableHeaderView.h; sourceTree = "<group>"; };
		4CB2293314F7017D00F5618D /* EGORefreshTableHeaderView.m */ = {isa = PBXFileReference; fileEncoding = 4; lastKnownFileType = sourcecode.c.objc; path = EGORefreshTableHeaderView.m; sourceTree = "<group>"; };
		4CB2293514F70A2D00F5618D /* QuartzCore.framework */ = {isa = PBXFileReference; lastKnownFileType = wrapper.framework; name = QuartzCore.framework; path = System/Library/Frameworks/QuartzCore.framework; sourceTree = SDKROOT; };
		4CDC8BED14F2CDEB00D42EA5 /* SimpleNews.app */ = {isa = PBXFileReference; explicitFileType = wrapper.application; includeInIndex = 0; path = SimpleNews.app; sourceTree = BUILT_PRODUCTS_DIR; };
		4CDC8BF114F2CDEB00D42EA5 /* UIKit.framework */ = {isa = PBXFileReference; lastKnownFileType = wrapper.framework; name = UIKit.framework; path = System/Library/Frameworks/UIKit.framework; sourceTree = SDKROOT; };
		4CDC8BF314F2CDEB00D42EA5 /* Foundation.framework */ = {isa = PBXFileReference; lastKnownFileType = wrapper.framework; name = Foundation.framework; path = System/Library/Frameworks/Foundation.framework; sourceTree = SDKROOT; };
		4CDC8BF514F2CDEB00D42EA5 /* CoreGraphics.framework */ = {isa = PBXFileReference; lastKnownFileType = wrapper.framework; name = CoreGraphics.framework; path = System/Library/Frameworks/CoreGraphics.framework; sourceTree = SDKROOT; };
		4CDC8BF914F2CDEB00D42EA5 /* SimpleNews-Info.plist */ = {isa = PBXFileReference; lastKnownFileType = text.plist.xml; path = "SimpleNews-Info.plist"; sourceTree = "<group>"; };
		4CDC8BFB14F2CDEB00D42EA5 /* en */ = {isa = PBXFileReference; lastKnownFileType = text.plist.strings; name = en; path = en.lproj/InfoPlist.strings; sourceTree = "<group>"; };
		4CDC8BFD14F2CDEB00D42EA5 /* main.m */ = {isa = PBXFileReference; lastKnownFileType = sourcecode.c.objc; path = main.m; sourceTree = "<group>"; };
		4CDC8BFF14F2CDEB00D42EA5 /* SimpleNews-Prefix.pch */ = {isa = PBXFileReference; lastKnownFileType = sourcecode.c.h; path = "SimpleNews-Prefix.pch"; sourceTree = "<group>"; };
		4CDC8C0714F2CDEB00D42EA5 /* en */ = {isa = PBXFileReference; lastKnownFileType = file.xib; name = en; path = en.lproj/SNViewController_iPhone.xib; sourceTree = "<group>"; };
		4CDC8C0A14F2CDEB00D42EA5 /* en */ = {isa = PBXFileReference; lastKnownFileType = file.xib; name = en; path = en.lproj/SNViewController_iPad.xib; sourceTree = "<group>"; };
		4CDC8C1414F2D07000D42EA5 /* SNAppDelegate.h */ = {isa = PBXFileReference; fileEncoding = 4; lastKnownFileType = sourcecode.c.h; path = SNAppDelegate.h; sourceTree = "<group>"; };
		4CDC8C1514F2D07000D42EA5 /* SNAppDelegate.m */ = {isa = PBXFileReference; fileEncoding = 4; lastKnownFileType = sourcecode.c.objc; path = SNAppDelegate.m; sourceTree = "<group>"; };
		4CDC8C2514F2D71800D42EA5 /* ASIAuthenticationDialog.h */ = {isa = PBXFileReference; fileEncoding = 4; lastKnownFileType = sourcecode.c.h; path = ASIAuthenticationDialog.h; sourceTree = "<group>"; };
		4CDC8C2614F2D71800D42EA5 /* ASIAuthenticationDialog.m */ = {isa = PBXFileReference; fileEncoding = 4; lastKnownFileType = sourcecode.c.objc; path = ASIAuthenticationDialog.m; sourceTree = "<group>"; };
		4CDC8C2714F2D71800D42EA5 /* ASICacheDelegate.h */ = {isa = PBXFileReference; fileEncoding = 4; lastKnownFileType = sourcecode.c.h; path = ASICacheDelegate.h; sourceTree = "<group>"; };
		4CDC8C2814F2D71800D42EA5 /* ASIDataCompressor.h */ = {isa = PBXFileReference; fileEncoding = 4; lastKnownFileType = sourcecode.c.h; path = ASIDataCompressor.h; sourceTree = "<group>"; };
		4CDC8C2914F2D71800D42EA5 /* ASIDataCompressor.m */ = {isa = PBXFileReference; fileEncoding = 4; lastKnownFileType = sourcecode.c.objc; path = ASIDataCompressor.m; sourceTree = "<group>"; };
		4CDC8C2A14F2D71800D42EA5 /* ASIDataDecompressor.h */ = {isa = PBXFileReference; fileEncoding = 4; lastKnownFileType = sourcecode.c.h; path = ASIDataDecompressor.h; sourceTree = "<group>"; };
		4CDC8C2B14F2D71800D42EA5 /* ASIDataDecompressor.m */ = {isa = PBXFileReference; fileEncoding = 4; lastKnownFileType = sourcecode.c.objc; path = ASIDataDecompressor.m; sourceTree = "<group>"; };
		4CDC8C2C14F2D71800D42EA5 /* ASIDownloadCache.h */ = {isa = PBXFileReference; fileEncoding = 4; lastKnownFileType = sourcecode.c.h; path = ASIDownloadCache.h; sourceTree = "<group>"; };
		4CDC8C2D14F2D71800D42EA5 /* ASIDownloadCache.m */ = {isa = PBXFileReference; fileEncoding = 4; lastKnownFileType = sourcecode.c.objc; path = ASIDownloadCache.m; sourceTree = "<group>"; };
		4CDC8C2E14F2D71800D42EA5 /* ASIFormDataRequest.h */ = {isa = PBXFileReference; fileEncoding = 4; lastKnownFileType = sourcecode.c.h; path = ASIFormDataRequest.h; sourceTree = "<group>"; };
		4CDC8C2F14F2D71800D42EA5 /* ASIFormDataRequest.m */ = {isa = PBXFileReference; fileEncoding = 4; lastKnownFileType = sourcecode.c.objc; path = ASIFormDataRequest.m; sourceTree = "<group>"; };
		4CDC8C3014F2D71800D42EA5 /* ASIHTTPRequest.h */ = {isa = PBXFileReference; fileEncoding = 4; lastKnownFileType = sourcecode.c.h; path = ASIHTTPRequest.h; sourceTree = "<group>"; };
		4CDC8C3114F2D71800D42EA5 /* ASIHTTPRequest.m */ = {isa = PBXFileReference; fileEncoding = 4; lastKnownFileType = sourcecode.c.objc; path = ASIHTTPRequest.m; sourceTree = "<group>"; };
		4CDC8C3214F2D71800D42EA5 /* ASIHTTPRequestConfig.h */ = {isa = PBXFileReference; fileEncoding = 4; lastKnownFileType = sourcecode.c.h; path = ASIHTTPRequestConfig.h; sourceTree = "<group>"; };
		4CDC8C3314F2D71800D42EA5 /* ASIHTTPRequestDelegate.h */ = {isa = PBXFileReference; fileEncoding = 4; lastKnownFileType = sourcecode.c.h; path = ASIHTTPRequestDelegate.h; sourceTree = "<group>"; };
		4CDC8C3414F2D71800D42EA5 /* ASIInputStream.h */ = {isa = PBXFileReference; fileEncoding = 4; lastKnownFileType = sourcecode.c.h; path = ASIInputStream.h; sourceTree = "<group>"; };
		4CDC8C3514F2D71800D42EA5 /* ASIInputStream.m */ = {isa = PBXFileReference; fileEncoding = 4; lastKnownFileType = sourcecode.c.objc; path = ASIInputStream.m; sourceTree = "<group>"; };
		4CDC8C3614F2D71800D42EA5 /* ASINetworkQueue.h */ = {isa = PBXFileReference; fileEncoding = 4; lastKnownFileType = sourcecode.c.h; path = ASINetworkQueue.h; sourceTree = "<group>"; };
		4CDC8C3714F2D71800D42EA5 /* ASINetworkQueue.m */ = {isa = PBXFileReference; fileEncoding = 4; lastKnownFileType = sourcecode.c.objc; path = ASINetworkQueue.m; sourceTree = "<group>"; };
		4CDC8C3814F2D71800D42EA5 /* ASIProgressDelegate.h */ = {isa = PBXFileReference; fileEncoding = 4; lastKnownFileType = sourcecode.c.h; path = ASIProgressDelegate.h; sourceTree = "<group>"; };
		4CDC8C3B14F2D71800D42EA5 /* EGOCache.h */ = {isa = PBXFileReference; fileEncoding = 4; lastKnownFileType = sourcecode.c.h; path = EGOCache.h; sourceTree = "<group>"; };
		4CDC8C3C14F2D71800D42EA5 /* EGOCache.m */ = {isa = PBXFileReference; fileEncoding = 4; lastKnownFileType = sourcecode.c.objc; path = EGOCache.m; sourceTree = "<group>"; };
		4CDC8C3E14F2D71800D42EA5 /* EGOImageButton.h */ = {isa = PBXFileReference; fileEncoding = 4; lastKnownFileType = sourcecode.c.h; path = EGOImageButton.h; sourceTree = "<group>"; };
		4CDC8C3F14F2D71800D42EA5 /* EGOImageButton.m */ = {isa = PBXFileReference; fileEncoding = 4; lastKnownFileType = sourcecode.c.objc; path = EGOImageButton.m; sourceTree = "<group>"; };
		4CDC8C4114F2D71800D42EA5 /* EGOImageLoadConnection.h */ = {isa = PBXFileReference; fileEncoding = 4; lastKnownFileType = sourcecode.c.h; path = EGOImageLoadConnection.h; sourceTree = "<group>"; };
		4CDC8C4214F2D71800D42EA5 /* EGOImageLoadConnection.m */ = {isa = PBXFileReference; fileEncoding = 4; lastKnownFileType = sourcecode.c.objc; path = EGOImageLoadConnection.m; sourceTree = "<group>"; };
		4CDC8C4314F2D71800D42EA5 /* EGOImageLoader.h */ = {isa = PBXFileReference; fileEncoding = 4; lastKnownFileType = sourcecode.c.h; path = EGOImageLoader.h; sourceTree = "<group>"; };
		4CDC8C4414F2D71800D42EA5 /* EGOImageLoader.m */ = {isa = PBXFileReference; fileEncoding = 4; lastKnownFileType = sourcecode.c.objc; path = EGOImageLoader.m; sourceTree = "<group>"; };
		4CDC8C4614F2D71800D42EA5 /* EGOImageView.h */ = {isa = PBXFileReference; fileEncoding = 4; lastKnownFileType = sourcecode.c.h; path = EGOImageView.h; sourceTree = "<group>"; };
		4CDC8C4714F2D71800D42EA5 /* EGOImageView.m */ = {isa = PBXFileReference; fileEncoding = 4; lastKnownFileType = sourcecode.c.objc; path = EGOImageView.m; sourceTree = "<group>"; };
		4CDC8C4914F2D71800D42EA5 /* MBProgressHUD.h */ = {isa = PBXFileReference; fileEncoding = 4; lastKnownFileType = sourcecode.c.h; path = MBProgressHUD.h; sourceTree = "<group>"; };
		4CDC8C4A14F2D71800D42EA5 /* MBProgressHUD.m */ = {isa = PBXFileReference; fileEncoding = 4; lastKnownFileType = sourcecode.c.objc; path = MBProgressHUD.m; sourceTree = "<group>"; };
		4CDC8C5914F2D73F00D42EA5 /* MediaPlayer.framework */ = {isa = PBXFileReference; lastKnownFileType = wrapper.framework; name = MediaPlayer.framework; path = System/Library/Frameworks/MediaPlayer.framework; sourceTree = SDKROOT; };
		4CDC8C5B14F2D74B00D42EA5 /* Security.framework */ = {isa = PBXFileReference; lastKnownFileType = wrapper.framework; name = Security.framework; path = System/Library/Frameworks/Security.framework; sourceTree = SDKROOT; };
		4CDC8C5D14F2D75B00D42EA5 /* MessageUI.framework */ = {isa = PBXFileReference; lastKnownFileType = wrapper.framework; name = MessageUI.framework; path = System/Library/Frameworks/MessageUI.framework; sourceTree = SDKROOT; };
		4CDC8C5F14F2D76500D42EA5 /* AudioToolbox.framework */ = {isa = PBXFileReference; lastKnownFileType = wrapper.framework; name = AudioToolbox.framework; path = System/Library/Frameworks/AudioToolbox.framework; sourceTree = SDKROOT; };
		4CDC8C6114F2D77100D42EA5 /* CoreTelephony.framework */ = {isa = PBXFileReference; lastKnownFileType = wrapper.framework; name = CoreTelephony.framework; path = System/Library/Frameworks/CoreTelephony.framework; sourceTree = SDKROOT; };
		4CDC8C6314F2D77D00D42EA5 /* StoreKit.framework */ = {isa = PBXFileReference; lastKnownFileType = wrapper.framework; name = StoreKit.framework; path = System/Library/Frameworks/StoreKit.framework; sourceTree = SDKROOT; };
		4CDC8C6514F2D78900D42EA5 /* MobileCoreServices.framework */ = {isa = PBXFileReference; lastKnownFileType = wrapper.framework; name = MobileCoreServices.framework; path = System/Library/Frameworks/MobileCoreServices.framework; sourceTree = SDKROOT; };
		4CDC8C6714F2D79500D42EA5 /* SystemConfiguration.framework */ = {isa = PBXFileReference; lastKnownFileType = wrapper.framework; name = SystemConfiguration.framework; path = System/Library/Frameworks/SystemConfiguration.framework; sourceTree = SDKROOT; };
		4CDC8C6914F2D7A200D42EA5 /* CFNetwork.framework */ = {isa = PBXFileReference; lastKnownFileType = wrapper.framework; name = CFNetwork.framework; path = System/Library/Frameworks/CFNetwork.framework; sourceTree = SDKROOT; };
		4CDC8C7514F2D80300D42EA5 /* Reachability.h */ = {isa = PBXFileReference; fileEncoding = 4; lastKnownFileType = sourcecode.c.h; path = Reachability.h; sourceTree = "<group>"; };
		4CDC8C7614F2D80300D42EA5 /* Reachability.m */ = {isa = PBXFileReference; fileEncoding = 4; lastKnownFileType = sourcecode.c.objc; path = Reachability.m; sourceTree = "<group>"; };
		4CDC8C7814F2D82100D42EA5 /* libxml2.dylib */ = {isa = PBXFileReference; lastKnownFileType = "compiled.mach-o.dylib"; name = libxml2.dylib; path = usr/lib/libxml2.dylib; sourceTree = SDKROOT; };
		4CDC8C7A14F2D83000D42EA5 /* libz.1.2.5.dylib */ = {isa = PBXFileReference; lastKnownFileType = "compiled.mach-o.dylib"; name = libz.1.2.5.dylib; path = usr/lib/libz.1.2.5.dylib; sourceTree = SDKROOT; };
		4CDC8C7C14F2D84200D42EA5 /* libsqlite3.dylib */ = {isa = PBXFileReference; lastKnownFileType = "compiled.mach-o.dylib"; name = libsqlite3.dylib; path = usr/lib/libsqlite3.dylib; sourceTree = SDKROOT; };
		4CDC8C8414F2DB4000D42EA5 /* video_items.plist */ = {isa = PBXFileReference; fileEncoding = 4; lastKnownFileType = text.plist.xml; path = video_items.plist; sourceTree = "<group>"; };
		4CDC8C8914F2E3E000D42EA5 /* Jurassic Park - Dodson & Nedry.mp4 */ = {isa = PBXFileReference; lastKnownFileType = file; path = "Jurassic Park - Dodson & Nedry.mp4"; sourceTree = "<group>"; };
		4CE1212314F2FDDE0024171A /* SNVideoItemVO.h */ = {isa = PBXFileReference; fileEncoding = 4; lastKnownFileType = sourcecode.c.h; path = SNVideoItemVO.h; sourceTree = "<group>"; };
		4CE1212414F2FDDE0024171A /* SNVideoItemVO.m */ = {isa = PBXFileReference; fileEncoding = 4; lastKnownFileType = sourcecode.c.objc; path = SNVideoItemVO.m; sourceTree = "<group>"; };
		4CE53DE71509E9FB004C6810 /* icon_57x57.png */ = {isa = PBXFileReference; lastKnownFileType = image.png; path = icon_57x57.png; sourceTree = "<group>"; };
		4CE53DE91509EA55004C6810 /* icon_114x114.png */ = {isa = PBXFileReference; lastKnownFileType = image.png; path = icon_114x114.png; sourceTree = "<group>"; };
		4CE53DEB1509EAA2004C6810 /* Default.png */ = {isa = PBXFileReference; lastKnownFileType = image.png; path = Default.png; sourceTree = "<group>"; };
		4CE53DEC1509EAA3004C6810 /* Default@2x.png */ = {isa = PBXFileReference; lastKnownFileType = image.png; path = "Default@2x.png"; sourceTree = "<group>"; };
		4CE53DF01509EE9C004C6810 /* Default-iPad_landscape@2x.png */ = {isa = PBXFileReference; lastKnownFileType = image.png; path = "Default-iPad_landscape@2x.png"; sourceTree = "<group>"; };
		4CE53DF31509EEA2004C6810 /* Default-Landscape~ipad.png */ = {isa = PBXFileReference; lastKnownFileType = image.png; path = "Default-Landscape~ipad.png"; sourceTree = "<group>"; };
		4CE53DF51509F136004C6810 /* closeButton_active.png */ = {isa = PBXFileReference; lastKnownFileType = image.png; path = closeButton_active.png; sourceTree = "<group>"; };
		4CE53DF61509F136004C6810 /* closeButton_active@2x.png */ = {isa = PBXFileReference; lastKnownFileType = image.png; path = "closeButton_active@2x.png"; sourceTree = "<group>"; };
		4CE53DF71509F136004C6810 /* closeButton_nonActive.png */ = {isa = PBXFileReference; lastKnownFileType = image.png; path = closeButton_nonActive.png; sourceTree = "<group>"; };
		4CE53DF81509F136004C6810 /* closeButton_nonActive@2x.png */ = {isa = PBXFileReference; lastKnownFileType = image.png; path = "closeButton_nonActive@2x.png"; sourceTree = "<group>"; };
		4CE53DFD1509F1BD004C6810 /* shareButton_active.png */ = {isa = PBXFileReference; lastKnownFileType = image.png; path = shareButton_active.png; sourceTree = "<group>"; };
		4CE53DFE1509F1BD004C6810 /* shareButton_active@2x.png */ = {isa = PBXFileReference; lastKnownFileType = image.png; path = "shareButton_active@2x.png"; sourceTree = "<group>"; };
		4CE53DFF1509F1BD004C6810 /* shareButton_nonActive.png */ = {isa = PBXFileReference; lastKnownFileType = image.png; path = shareButton_nonActive.png; sourceTree = "<group>"; };
		4CE53E001509F1BD004C6810 /* shareButton_nonActive@2x.png */ = {isa = PBXFileReference; lastKnownFileType = image.png; path = "shareButton_nonActive@2x.png"; sourceTree = "<group>"; };
		4CEF4A6C1506D46E00A1AD7E /* SNOptionVO.h */ = {isa = PBXFileReference; fileEncoding = 4; lastKnownFileType = sourcecode.c.h; path = SNOptionVO.h; sourceTree = "<group>"; };
		4CEF4A6D1506D46E00A1AD7E /* SNOptionVO.m */ = {isa = PBXFileReference; fileEncoding = 4; lastKnownFileType = sourcecode.c.objc; path = SNOptionVO.m; sourceTree = "<group>"; };
		4CEF4A6F1506D58E00A1AD7E /* options.plist */ = {isa = PBXFileReference; fileEncoding = 4; lastKnownFileType = text.plist.xml; path = options.plist; sourceTree = "<group>"; };
		4CEF4A741506EA3800A1AD7E /* blinkingCursor.png */ = {isa = PBXFileReference; lastKnownFileType = image.png; path = blinkingCursor.png; sourceTree = "<group>"; };
		4CEF4A751506EA3800A1AD7E /* blinkingCursor@2x.png */ = {isa = PBXFileReference; lastKnownFileType = image.png; path = "blinkingCursor@2x.png"; sourceTree = "<group>"; };
		4CEF4A801506EB3100A1AD7E /* hd-icon.png */ = {isa = PBXFileReference; lastKnownFileType = image.png; path = "hd-icon.png"; sourceTree = "<group>"; };
		4CEF4A811506EB3100A1AD7E /* hd-icon@2x.png */ = {isa = PBXFileReference; lastKnownFileType = image.png; path = "hd-icon@2x.png"; sourceTree = "<group>"; };
		4CEF4A841506EBE800A1AD7E /* pauseButton_Active.png */ = {isa = PBXFileReference; lastKnownFileType = image.png; path = pauseButton_Active.png; sourceTree = "<group>"; };
		4CEF4A851506EBE800A1AD7E /* pauseButton_Active@2x.png */ = {isa = PBXFileReference; lastKnownFileType = image.png; path = "pauseButton_Active@2x.png"; sourceTree = "<group>"; };
		4CEF4A861506EBE800A1AD7E /* pauseButton_iPad_Active.png */ = {isa = PBXFileReference; lastKnownFileType = image.png; path = pauseButton_iPad_Active.png; sourceTree = "<group>"; };
		4CEF4A871506EBE800A1AD7E /* pauseButton_iPad_Active@2x.png */ = {isa = PBXFileReference; lastKnownFileType = image.png; path = "pauseButton_iPad_Active@2x.png"; sourceTree = "<group>"; };
		4CEF4A881506EBE800A1AD7E /* pauseButton_iPad_nonActive.png */ = {isa = PBXFileReference; lastKnownFileType = image.png; path = pauseButton_iPad_nonActive.png; sourceTree = "<group>"; };
		4CEF4A891506EBE800A1AD7E /* pauseButton_iPad_nonActive@2x.png */ = {isa = PBXFileReference; lastKnownFileType = image.png; path = "pauseButton_iPad_nonActive@2x.png"; sourceTree = "<group>"; };
		4CEF4A8A1506EBE800A1AD7E /* pauseButton_nonActive.png */ = {isa = PBXFileReference; lastKnownFileType = image.png; path = pauseButton_nonActive.png; sourceTree = "<group>"; };
		4CEF4A8B1506EBE800A1AD7E /* pauseButton_nonActive@2x.png */ = {isa = PBXFileReference; lastKnownFileType = image.png; path = "pauseButton_nonActive@2x.png"; sourceTree = "<group>"; };
		4CEF4A8C1506EBE800A1AD7E /* playButton_Active.png */ = {isa = PBXFileReference; lastKnownFileType = image.png; path = playButton_Active.png; sourceTree = "<group>"; };
		4CEF4A8D1506EBE800A1AD7E /* playButton_Active@2x.png */ = {isa = PBXFileReference; lastKnownFileType = image.png; path = "playButton_Active@2x.png"; sourceTree = "<group>"; };
		4CEF4A8E1506EBE800A1AD7E /* playButton_iPad_Active.png */ = {isa = PBXFileReference; lastKnownFileType = image.png; path = playButton_iPad_Active.png; sourceTree = "<group>"; };
		4CEF4A8F1506EBE800A1AD7E /* playButton_iPad_Active@2x.png */ = {isa = PBXFileReference; lastKnownFileType = image.png; path = "playButton_iPad_Active@2x.png"; sourceTree = "<group>"; };
		4CEF4A901506EBE800A1AD7E /* playButton_iPad_nonActive.png */ = {isa = PBXFileReference; lastKnownFileType = image.png; path = playButton_iPad_nonActive.png; sourceTree = "<group>"; };
		4CEF4A911506EBE800A1AD7E /* playButton_iPad_nonActive@2x.png */ = {isa = PBXFileReference; lastKnownFileType = image.png; path = "playButton_iPad_nonActive@2x.png"; sourceTree = "<group>"; };
		4CEF4A921506EBE800A1AD7E /* playButton_nonActive.png */ = {isa = PBXFileReference; lastKnownFileType = image.png; path = playButton_nonActive.png; sourceTree = "<group>"; };
		4CEF4A931506EBE800A1AD7E /* playButton_nonActive@2x.png */ = {isa = PBXFileReference; lastKnownFileType = image.png; path = "playButton_nonActive@2x.png"; sourceTree = "<group>"; };
		4CEF4AA41506ED1A00A1AD7E /* SNChannelGridViewController_iPhone.h */ = {isa = PBXFileReference; fileEncoding = 4; lastKnownFileType = sourcecode.c.h; path = SNChannelGridViewController_iPhone.h; sourceTree = "<group>"; };
		4CEF4AA51506ED1B00A1AD7E /* SNChannelGridViewController_iPhone.m */ = {isa = PBXFileReference; fileEncoding = 4; lastKnownFileType = sourcecode.c.objc; path = SNChannelGridViewController_iPhone.m; sourceTree = "<group>"; };
		4CEF4AA71506F3E000A1AD7E /* pagination_nonActive.png */ = {isa = PBXFileReference; lastKnownFileType = image.png; path = pagination_nonActive.png; sourceTree = "<group>"; };
		4CEF4AA81506F3E000A1AD7E /* pagination_nonActive@2x.png */ = {isa = PBXFileReference; lastKnownFileType = image.png; path = "pagination_nonActive@2x.png"; sourceTree = "<group>"; };
		4CEF4AA91506F3E000A1AD7E /* paginationActive.png */ = {isa = PBXFileReference; lastKnownFileType = image.png; path = paginationActive.png; sourceTree = "<group>"; };
		4CEF4AAA1506F3E000A1AD7E /* paginationActive@2x.png */ = {isa = PBXFileReference; lastKnownFileType = image.png; path = "paginationActive@2x.png"; sourceTree = "<group>"; };
		4CEF4AAB1506F3E000A1AD7E /* paginationBG.png */ = {isa = PBXFileReference; lastKnownFileType = image.png; path = paginationBG.png; sourceTree = "<group>"; };
		4CEF4AAC1506F3E000A1AD7E /* paginationBG@2x.png */ = {isa = PBXFileReference; lastKnownFileType = image.png; path = "paginationBG@2x.png"; sourceTree = "<group>"; };
		4CEF4AB71506F44000A1AD7E /* SNPaginationView.h */ = {isa = PBXFileReference; fileEncoding = 4; lastKnownFileType = sourcecode.c.h; path = SNPaginationView.h; sourceTree = "<group>"; };
		4CEF4AB81506F44000A1AD7E /* SNPaginationView.m */ = {isa = PBXFileReference; fileEncoding = 4; lastKnownFileType = sourcecode.c.objc; path = SNPaginationView.m; sourceTree = "<group>"; };
/* End PBXFileReference section */

/* Begin PBXFrameworksBuildPhase section */
		4CDC8BEA14F2CDEB00D42EA5 /* Frameworks */ = {
			isa = PBXFrameworksBuildPhase;
			buildActionMask = 2147483647;
			files = (
				4CDC8C7D14F2D84200D42EA5 /* libsqlite3.dylib in Frameworks */,
				4CDC8C7B14F2D83000D42EA5 /* libz.1.2.5.dylib in Frameworks */,
				4CDC8C7914F2D82100D42EA5 /* libxml2.dylib in Frameworks */,
				4CDC8C6B14F2D7B800D42EA5 /* CFNetwork.framework in Frameworks */,
				4CDC8C6C14F2D7BC00D42EA5 /* SystemConfiguration.framework in Frameworks */,
				4CDC8C6D14F2D7C000D42EA5 /* MobileCoreServices.framework in Frameworks */,
				4CDC8C6E14F2D7C400D42EA5 /* StoreKit.framework in Frameworks */,
				4CDC8C6F14F2D7C800D42EA5 /* CoreTelephony.framework in Frameworks */,
				4CDC8C7014F2D7CD00D42EA5 /* AudioToolbox.framework in Frameworks */,
				4CDC8C7114F2D7D100D42EA5 /* MessageUI.framework in Frameworks */,
				4CDC8C7214F2D7D600D42EA5 /* Security.framework in Frameworks */,
				4CDC8C7314F2D7DC00D42EA5 /* MediaPlayer.framework in Frameworks */,
				4CB2293714F70A4A00F5618D /* QuartzCore.framework in Frameworks */,
				4CDC8BF214F2CDEB00D42EA5 /* UIKit.framework in Frameworks */,
				4CDC8BF414F2CDEB00D42EA5 /* Foundation.framework in Frameworks */,
				4CDC8BF614F2CDEB00D42EA5 /* CoreGraphics.framework in Frameworks */,
				4C8B444A14FEA89600F89F7C /* AVFoundation.framework in Frameworks */,
			);
			runOnlyForDeploymentPostprocessing = 0;
		};
/* End PBXFrameworksBuildPhase section */

/* Begin PBXGroup section */
		4C36535C15016347006A4FFE /* iPad */ = {
			isa = PBXGroup;
			children = (
				4C365360150167EE006A4FFE /* SNNoAirplayView_iPad.h */,
				4C365361150167EE006A4FFE /* SNNoAirplayView_iPad.m */,
				4CAF9D3315043FD300AB3735 /* SNVideoItemView_iPad.h */,
				4CAF9D3415043FD300AB3735 /* SNVideoItemView_iPad.m */,
				4C36536315016AB4006A4FFE /* SNVideoGridViewController_iPad.h */,
				4C36536415016AB4006A4FFE /* SNVideoGridViewController_iPad.m */,
			);
			name = iPad;
			path = SimpleNews/iPad;
			sourceTree = "<group>";
		};
		4C48967114FB406C00C55125 /* Buttons */ = {
			isa = PBXGroup;
			children = (
				4CE53DFD1509F1BD004C6810 /* shareButton_active.png */,
				4CE53DFE1509F1BD004C6810 /* shareButton_active@2x.png */,
				4CE53DFF1509F1BD004C6810 /* shareButton_nonActive.png */,
				4CE53E001509F1BD004C6810 /* shareButton_nonActive@2x.png */,
				4CE53DF51509F136004C6810 /* closeButton_active.png */,
				4CE53DF61509F136004C6810 /* closeButton_active@2x.png */,
				4CE53DF71509F136004C6810 /* closeButton_nonActive.png */,
				4CE53DF81509F136004C6810 /* closeButton_nonActive@2x.png */,
				4CEF4A841506EBE800A1AD7E /* pauseButton_Active.png */,
				4CEF4A851506EBE800A1AD7E /* pauseButton_Active@2x.png */,
				4CEF4A861506EBE800A1AD7E /* pauseButton_iPad_Active.png */,
				4CEF4A871506EBE800A1AD7E /* pauseButton_iPad_Active@2x.png */,
				4CEF4A881506EBE800A1AD7E /* pauseButton_iPad_nonActive.png */,
				4CEF4A891506EBE800A1AD7E /* pauseButton_iPad_nonActive@2x.png */,
				4CEF4A8A1506EBE800A1AD7E /* pauseButton_nonActive.png */,
				4CEF4A8B1506EBE800A1AD7E /* pauseButton_nonActive@2x.png */,
				4CEF4A8C1506EBE800A1AD7E /* playButton_Active.png */,
				4CEF4A8D1506EBE800A1AD7E /* playButton_Active@2x.png */,
				4CEF4A8E1506EBE800A1AD7E /* playButton_iPad_Active.png */,
				4CEF4A8F1506EBE800A1AD7E /* playButton_iPad_Active@2x.png */,
				4CEF4A901506EBE800A1AD7E /* playButton_iPad_nonActive.png */,
				4CEF4A911506EBE800A1AD7E /* playButton_iPad_nonActive@2x.png */,
				4CEF4A921506EBE800A1AD7E /* playButton_nonActive.png */,
				4CEF4A931506EBE800A1AD7E /* playButton_nonActive@2x.png */,
				4C48967314FB415E00C55125 /* airPlayIconButton_active.png */,
				4C48967414FB415E00C55125 /* airPlayIconButton_active@2x.png */,
				4C48967514FB415E00C55125 /* airPlayIconButton_nonActive.png */,
				4C48967614FB415E00C55125 /* airPlayIconButton_nonActive@2x.png */,
			);
			name = Buttons;
			sourceTree = "<group>";
		};
		4C8B444414FEA74D00F89F7C /* SFX */ = {
			isa = PBXGroup;
			children = (
				4C7D600D14FF02B600156054 /* fpo_startVideo.mp3 */,
				4C8B444614FEA7D300F89F7C /* fpo_tapVideo.mp3 */,
			);
			name = SFX;
			sourceTree = "<group>";
		};
		4C8B445914FEE80200F89F7C /* ImageProcessing */ = {
			isa = PBXGroup;
			children = (
				4C8B445A14FEE80200F89F7C /* UIImage+StackBlur.h */,
				4C8B445B14FEE80200F89F7C /* UIImage+StackBlur.m */,
			);
			name = ImageProcessing;
			path = SimpleNews/ImageProcessing;
			sourceTree = "<group>";
		};
		4C91181214FE1CDE001F8FD0 /* HTML */ = {
			isa = PBXGroup;
			children = (
				4C0C331914FF790400A3EB60 /* video_player.html */,
			);
			name = HTML;
			sourceTree = "<group>";
		};
		4C9267C815095AEC000015D3 /* PSYouTubeExtractor */ = {
			isa = PBXGroup;
			children = (
				4C9267C915095AEC000015D3 /* PSYouTubeExtractor.h */,
				4C9267CA15095AEC000015D3 /* PSYouTubeExtractor.m */,
			);
			name = PSYouTubeExtractor;
			path = SimpleNews/PSYouTubeExtractor;
			sourceTree = "<group>";
		};
		4CAF9D4D1506D1DB00AB3735 /* Main Grid */ = {
			isa = PBXGroup;
			children = (
				4CB2291A14F60E1000F5618D /* SNVideoSearchView_iPhone.h */,
				4CB2291B14F60E1000F5618D /* SNVideoSearchView_iPhone.m */,
				4CAF9D441506B1AE00AB3735 /* SNChannelItemView_iPhone.h */,
				4CAF9D451506B1B000AB3735 /* SNChannelItemView_iPhone.m */,
				4CEF4AA41506ED1A00A1AD7E /* SNChannelGridViewController_iPhone.h */,
				4CEF4AA51506ED1B00A1AD7E /* SNChannelGridViewController_iPhone.m */,
			);
			name = "Main Grid";
			sourceTree = "<group>";
		};
		4CAF9D4E1506D1F900AB3735 /* Playing List */ = {
			isa = PBXGroup;
			children = (
				4CAF9D30150429B100AB3735 /* SNVideoPlayerViewController_iPhone.h */,
				4CAF9D31150429B100AB3735 /* SNVideoPlayerViewController_iPhone.m */,
				4C0C332B150054B400A3EB60 /* SNPlayingVideoItemView_iPhone.h */,
				4C0C332C150054B400A3EB60 /* SNPlayingVideoItemView_iPhone.m */,
				4C0C33281500545100A3EB60 /* SNPlayingListViewController_iPhone.h */,
				4C0C33291500545100A3EB60 /* SNPlayingListViewController_iPhone.m */,
			);
			name = "Playing List";
			sourceTree = "<group>";
		};
		4CAF9D4F1506D21600AB3735 /* Options */ = {
			isa = PBXGroup;
			children = (
				4CAF9D471506D1C900AB3735 /* SNOptionItemView_iPhone.h */,
				4CAF9D481506D1CA00AB3735 /* SNOptionItemView_iPhone.m */,
				4CAF9D491506D1CC00AB3735 /* SNOptionsListView_iPhone.h */,
				4CAF9D4A1506D1CD00AB3735 /* SNOptionsListView_iPhone.m */,
			);
			name = Options;
			sourceTree = "<group>";
		};
		4CAF9D501506D22C00AB3735 /* Splash */ = {
			isa = PBXGroup;
			children = (
				4C7D601014FF0E5C00156054 /* SNNoAirplayView_iPhone.h */,
				4C7D601114FF0E5C00156054 /* SNNoAirplayView_iPhone.m */,
				4CAF9D391505787500AB3735 /* SNNoWifiView_iPhone.h */,
				4CAF9D3A1505787500AB3735 /* SNNoWifiView_iPhone.m */,
			);
			name = Splash;
			sourceTree = "<group>";
		};
		4CB2289514F3528400F5618D /* Fonts */ = {
			isa = PBXGroup;
			children = (
				4CB2289714F3529600F5618D /* HelveticaNeueLTStd-Bd.otf */,
				4CB2289814F3529600F5618D /* HelveticaNeueLTStd-Md.otf */,
				4CB2289914F3529600F5618D /* HelveticaNeueLTStd-Roman.otf */,
			);
			name = Fonts;
			sourceTree = "<group>";
		};
		4CB228BB14F4437500F5618D /* Elements */ = {
			isa = PBXGroup;
			children = (
				4CEF4AA71506F3E000A1AD7E /* pagination_nonActive.png */,
				4CEF4AA81506F3E000A1AD7E /* pagination_nonActive@2x.png */,
				4CEF4AA91506F3E000A1AD7E /* paginationActive.png */,
				4CEF4AAA1506F3E000A1AD7E /* paginationActive@2x.png */,
				4CEF4AAB1506F3E000A1AD7E /* paginationBG.png */,
				4CEF4AAC1506F3E000A1AD7E /* paginationBG@2x.png */,
				4CEF4A801506EB3100A1AD7E /* hd-icon.png */,
				4CEF4A811506EB3100A1AD7E /* hd-icon@2x.png */,
				4CEF4A741506EA3800A1AD7E /* blinkingCursor.png */,
				4CEF4A751506EA3800A1AD7E /* blinkingCursor@2x.png */,
				4C36537E15031964006A4FFE /* twitterWidgetPic.png */,
				4C36537F15031964006A4FFE /* twitterWidgetPic@2x.png */,
				4C36538015031964006A4FFE /* weatherWidgetSun.png */,
				4C36538115031964006A4FFE /* weatherWidgetSun@2x.png */,
				4CB228BC14F4438D00F5618D /* checkMark.png */,
				4CB228BD14F4438D00F5618D /* checkMark@2x.png */,
			);
			name = Elements;
			sourceTree = "<group>";
		};
		4CB228DA14F4861E00F5618D /* Splash Images */ = {
			isa = PBXGroup;
			children = (
				4CB228EB14F4872800F5618D /* loader_Image01_Business-iPhone.jpg */,
				4CB228EC14F4872800F5618D /* loader_Image01_Business-iPhone@2x.jpg */,
				4CB228ED14F4872800F5618D /* loader_Image01_Tech-iPhone.jpg */,
				4CB228EE14F4872800F5618D /* loader_Image01_Tech-iPhone@2x.jpg */,
				4CB228EF14F4872800F5618D /* loader_Image01_Trending-iPhone.jpg */,
				4CB228F014F4872800F5618D /* loader_Image01_Trending-iPhone@2x.jpg */,
				4CB228F114F4872800F5618D /* loader_Image03_Sports-iPhone.jpg */,
				4CB228F214F4872800F5618D /* loader_Image03_Sports-iPhone@2x.jpg */,
			);
			name = "Splash Images";
			sourceTree = "<group>";
		};
		4CB2292D14F7013400F5618D /* Delegate */ = {
			isa = PBXGroup;
			children = (
				4CB2292E14F7013400F5618D /* TableViewPullAppDelegate.h */,
				4CB2292F14F7013400F5618D /* TableViewPullAppDelegate.m */,
			);
			name = Delegate;
			path = SimpleNews/Delegate;
			sourceTree = "<group>";
		};
		4CB2293114F7017D00F5618D /* EGOTables */ = {
			isa = PBXGroup;
			children = (
				4CB2293214F7017D00F5618D /* EGORefreshTableHeaderView.h */,
				4CB2293314F7017D00F5618D /* EGORefreshTableHeaderView.m */,
			);
			name = EGOTables;
			path = SimpleNews/EGOTables;
			sourceTree = "<group>";
		};
		4CDC8BE214F2CDEB00D42EA5 = {
			isa = PBXGroup;
			children = (
				4CE53DF31509EEA2004C6810 /* Default-Landscape~ipad.png */,
				4CE53DF01509EE9C004C6810 /* Default-iPad_landscape@2x.png */,
				4CE53DEB1509EAA2004C6810 /* Default.png */,
				4CE53DEC1509EAA3004C6810 /* Default@2x.png */,
				4CE53DE91509EA55004C6810 /* icon_114x114.png */,
				4CE53DE71509E9FB004C6810 /* icon_57x57.png */,
				4C9267C815095AEC000015D3 /* PSYouTubeExtractor */,
				4C8B445914FEE80200F89F7C /* ImageProcessing */,
				4CDC8C2414F2D71800D42EA5 /* ASI */,
				4CDC8C3914F2D71800D42EA5 /* EGOImageLoading */,
				4CB2293114F7017D00F5618D /* EGOTables */,
				4CDC8C4814F2D71800D42EA5 /* MBProgressHUD */,
				4CDC8C7414F2D80300D42EA5 /* Reachability */,
				4CDC8BF714F2CDEB00D42EA5 /* SimpleNews */,
				4CDC8C8214F2DAF700D42EA5 /* Resources */,
				4CDC8BF014F2CDEB00D42EA5 /* Frameworks */,
				4CDC8BEE14F2CDEB00D42EA5 /* Products */,
			);
			sourceTree = "<group>";
		};
		4CDC8BEE14F2CDEB00D42EA5 /* Products */ = {
			isa = PBXGroup;
			children = (
				4CDC8BED14F2CDEB00D42EA5 /* SimpleNews.app */,
			);
			name = Products;
			sourceTree = "<group>";
		};
		4CDC8BF014F2CDEB00D42EA5 /* Frameworks */ = {
			isa = PBXGroup;
			children = (
				4C8B444814FEA88700F89F7C /* AVFoundation.framework */,
				4CB2293514F70A2D00F5618D /* QuartzCore.framework */,
				4CDC8C6914F2D7A200D42EA5 /* CFNetwork.framework */,
				4CDC8C6714F2D79500D42EA5 /* SystemConfiguration.framework */,
				4CDC8C6514F2D78900D42EA5 /* MobileCoreServices.framework */,
				4CDC8C6314F2D77D00D42EA5 /* StoreKit.framework */,
				4CDC8C6114F2D77100D42EA5 /* CoreTelephony.framework */,
				4CDC8C5F14F2D76500D42EA5 /* AudioToolbox.framework */,
				4CDC8C5D14F2D75B00D42EA5 /* MessageUI.framework */,
				4CDC8C5B14F2D74B00D42EA5 /* Security.framework */,
				4CDC8C5914F2D73F00D42EA5 /* MediaPlayer.framework */,
				4CDC8BF114F2CDEB00D42EA5 /* UIKit.framework */,
				4CDC8BF314F2CDEB00D42EA5 /* Foundation.framework */,
				4CDC8BF514F2CDEB00D42EA5 /* CoreGraphics.framework */,
				4CDC8C7C14F2D84200D42EA5 /* libsqlite3.dylib */,
				4CDC8C7A14F2D83000D42EA5 /* libz.1.2.5.dylib */,
				4CDC8C7814F2D82100D42EA5 /* libxml2.dylib */,
			);
			name = Frameworks;
			sourceTree = "<group>";
		};
		4CDC8BF714F2CDEB00D42EA5 /* SimpleNews */ = {
			isa = PBXGroup;
			children = (
				4CB2292D14F7013400F5618D /* Delegate */,
				4C36535C15016347006A4FFE /* iPad */,
				4CDC8C1214F2D07000D42EA5 /* iPhone */,
				4CDC8C1314F2D07000D42EA5 /* Shared */,
				4CE1212214F2FDDE0024171A /* VO */,
				4CDC8C0614F2CDEB00D42EA5 /* SNViewController_iPhone.xib */,
				4CDC8C0914F2CDEB00D42EA5 /* SNViewController_iPad.xib */,
				4CDC8BF814F2CDEB00D42EA5 /* Supporting Files */,
			);
			path = SimpleNews;
			sourceTree = "<group>";
		};
		4CDC8BF814F2CDEB00D42EA5 /* Supporting Files */ = {
			isa = PBXGroup;
			children = (
				4CDC8BF914F2CDEB00D42EA5 /* SimpleNews-Info.plist */,
				4CDC8BFA14F2CDEB00D42EA5 /* InfoPlist.strings */,
				4CDC8BFD14F2CDEB00D42EA5 /* main.m */,
				4CDC8BFF14F2CDEB00D42EA5 /* SimpleNews-Prefix.pch */,
			);
			name = "Supporting Files";
			sourceTree = "<group>";
		};
		4CDC8C1214F2D07000D42EA5 /* iPhone */ = {
			isa = PBXGroup;
			children = (
				4CAF9D501506D22C00AB3735 /* Splash */,
				4CAF9D4F1506D21600AB3735 /* Options */,
				4CAF9D4E1506D1F900AB3735 /* Playing List */,
				4CAF9D4D1506D1DB00AB3735 /* Main Grid */,
				4C48968B14FB76DA00C55125 /* SNBaseListItemView_iPhone.h */,
				4C48968C14FB76DA00C55125 /* SNBaseListItemView_iPhone.m */,
			);
			name = iPhone;
			path = SimpleNews/iPhone;
			sourceTree = "<group>";
		};
		4CDC8C1314F2D07000D42EA5 /* Shared */ = {
			isa = PBXGroup;
			children = (
				4CDC8C1414F2D07000D42EA5 /* SNAppDelegate.h */,
				4CDC8C1514F2D07000D42EA5 /* SNAppDelegate.m */,
				4C91180014FD61D5001F8FD0 /* SNLogoView.h */,
				4C91180114FD61D5001F8FD0 /* SNLogoView.m */,
				4C91180414FD66BC001F8FD0 /* SNClockView.h */,
				4C91180514FD66BC001F8FD0 /* SNClockView.m */,
				4CAF9D361505627300AB3735 /* SNTestVideoView.h */,
				4CAF9D371505627300AB3735 /* SNTestVideoView.m */,
				4CEF4AB71506F44000A1AD7E /* SNPaginationView.h */,
				4CEF4AB81506F44000A1AD7E /* SNPaginationView.m */,
			);
			name = Shared;
			path = SimpleNews/Shared;
			sourceTree = "<group>";
		};
		4CDC8C2414F2D71800D42EA5 /* ASI */ = {
			isa = PBXGroup;
			children = (
				4CDC8C2514F2D71800D42EA5 /* ASIAuthenticationDialog.h */,
				4CDC8C2614F2D71800D42EA5 /* ASIAuthenticationDialog.m */,
				4CDC8C2714F2D71800D42EA5 /* ASICacheDelegate.h */,
				4CDC8C2814F2D71800D42EA5 /* ASIDataCompressor.h */,
				4CDC8C2914F2D71800D42EA5 /* ASIDataCompressor.m */,
				4CDC8C2A14F2D71800D42EA5 /* ASIDataDecompressor.h */,
				4CDC8C2B14F2D71800D42EA5 /* ASIDataDecompressor.m */,
				4CDC8C2C14F2D71800D42EA5 /* ASIDownloadCache.h */,
				4CDC8C2D14F2D71800D42EA5 /* ASIDownloadCache.m */,
				4CDC8C2E14F2D71800D42EA5 /* ASIFormDataRequest.h */,
				4CDC8C2F14F2D71800D42EA5 /* ASIFormDataRequest.m */,
				4CDC8C3014F2D71800D42EA5 /* ASIHTTPRequest.h */,
				4CDC8C3114F2D71800D42EA5 /* ASIHTTPRequest.m */,
				4CDC8C3214F2D71800D42EA5 /* ASIHTTPRequestConfig.h */,
				4CDC8C3314F2D71800D42EA5 /* ASIHTTPRequestDelegate.h */,
				4CDC8C3414F2D71800D42EA5 /* ASIInputStream.h */,
				4CDC8C3514F2D71800D42EA5 /* ASIInputStream.m */,
				4CDC8C3614F2D71800D42EA5 /* ASINetworkQueue.h */,
				4CDC8C3714F2D71800D42EA5 /* ASINetworkQueue.m */,
				4CDC8C3814F2D71800D42EA5 /* ASIProgressDelegate.h */,
			);
			name = ASI;
			path = SimpleNews/ASI;
			sourceTree = "<group>";
		};
		4CDC8C3914F2D71800D42EA5 /* EGOImageLoading */ = {
			isa = PBXGroup;
			children = (
				4CDC8C3A14F2D71800D42EA5 /* EGOCache */,
				4CDC8C3D14F2D71800D42EA5 /* EGOImageButton */,
				4CDC8C4014F2D71800D42EA5 /* EGOImageLoader */,
				4CDC8C4514F2D71800D42EA5 /* EGOImageView */,
			);
			name = EGOImageLoading;
			path = SimpleNews/EGOImageLoading;
			sourceTree = "<group>";
		};
		4CDC8C3A14F2D71800D42EA5 /* EGOCache */ = {
			isa = PBXGroup;
			children = (
				4CDC8C3B14F2D71800D42EA5 /* EGOCache.h */,
				4CDC8C3C14F2D71800D42EA5 /* EGOCache.m */,
			);
			path = EGOCache;
			sourceTree = "<group>";
		};
		4CDC8C3D14F2D71800D42EA5 /* EGOImageButton */ = {
			isa = PBXGroup;
			children = (
				4CDC8C3E14F2D71800D42EA5 /* EGOImageButton.h */,
				4CDC8C3F14F2D71800D42EA5 /* EGOImageButton.m */,
			);
			path = EGOImageButton;
			sourceTree = "<group>";
		};
		4CDC8C4014F2D71800D42EA5 /* EGOImageLoader */ = {
			isa = PBXGroup;
			children = (
				4CDC8C4114F2D71800D42EA5 /* EGOImageLoadConnection.h */,
				4CDC8C4214F2D71800D42EA5 /* EGOImageLoadConnection.m */,
				4CDC8C4314F2D71800D42EA5 /* EGOImageLoader.h */,
				4CDC8C4414F2D71800D42EA5 /* EGOImageLoader.m */,
			);
			path = EGOImageLoader;
			sourceTree = "<group>";
		};
		4CDC8C4514F2D71800D42EA5 /* EGOImageView */ = {
			isa = PBXGroup;
			children = (
				4CDC8C4614F2D71800D42EA5 /* EGOImageView.h */,
				4CDC8C4714F2D71800D42EA5 /* EGOImageView.m */,
			);
			path = EGOImageView;
			sourceTree = "<group>";
		};
		4CDC8C4814F2D71800D42EA5 /* MBProgressHUD */ = {
			isa = PBXGroup;
			children = (
				4CDC8C4914F2D71800D42EA5 /* MBProgressHUD.h */,
				4CDC8C4A14F2D71800D42EA5 /* MBProgressHUD.m */,
			);
			name = MBProgressHUD;
			path = SimpleNews/MBProgressHUD;
			sourceTree = "<group>";
		};
		4CDC8C7414F2D80300D42EA5 /* Reachability */ = {
			isa = PBXGroup;
			children = (
				4CDC8C7514F2D80300D42EA5 /* Reachability.h */,
				4CDC8C7614F2D80300D42EA5 /* Reachability.m */,
			);
			name = Reachability;
			path = SimpleNews/Reachability;
			sourceTree = "<group>";
		};
		4CDC8C8214F2DAF700D42EA5 /* Resources */ = {
			isa = PBXGroup;
			children = (
				4C8B444414FEA74D00F89F7C /* SFX */,
				4C91181214FE1CDE001F8FD0 /* HTML */,
				4C48967114FB406C00C55125 /* Buttons */,
				4CB228DA14F4861E00F5618D /* Splash Images */,
				4CB228BB14F4437500F5618D /* Elements */,
				4CB2289514F3528400F5618D /* Fonts */,
				4CDC8C8314F2DB1000D42EA5 /* Testing */,
			);
			name = Resources;
			path = SimpleNews/Resources;
			sourceTree = "<group>";
		};
		4CDC8C8314F2DB1000D42EA5 /* Testing */ = {
			isa = PBXGroup;
			children = (
				4CEF4A6F1506D58E00A1AD7E /* options.plist */,
				4CAF9D3F1506AFEB00AB3735 /* channels.plist */,
				4CDC8C8414F2DB4000D42EA5 /* video_items.plist */,
				4CDC8C8914F2E3E000D42EA5 /* Jurassic Park - Dodson & Nedry.mp4 */,
			);
			name = Testing;
			sourceTree = "<group>";
		};
		4CE1212214F2FDDE0024171A /* VO */ = {
			isa = PBXGroup;
			children = (
				4CE1212314F2FDDE0024171A /* SNVideoItemVO.h */,
				4CE1212414F2FDDE0024171A /* SNVideoItemVO.m */,
				4CEF4A6C1506D46E00A1AD7E /* SNOptionVO.h */,
				4CEF4A6D1506D46E00A1AD7E /* SNOptionVO.m */,
				4CAF9D411506B06400AB3735 /* SNChannelVO.h */,
				4CAF9D421506B06400AB3735 /* SNChannelVO.m */,
			);
			name = VO;
			path = SimpleNews/VO;
			sourceTree = "<group>";
		};
/* End PBXGroup section */

/* Begin PBXNativeTarget section */
		4CDC8BEC14F2CDEB00D42EA5 /* SimpleNews */ = {
			isa = PBXNativeTarget;
			buildConfigurationList = 4CDC8C0E14F2CDEB00D42EA5 /* Build configuration list for PBXNativeTarget "SimpleNews" */;
			buildPhases = (
				4CDC8BE914F2CDEB00D42EA5 /* Sources */,
				4CDC8BEA14F2CDEB00D42EA5 /* Frameworks */,
				4CDC8BEB14F2CDEB00D42EA5 /* Resources */,
			);
			buildRules = (
			);
			dependencies = (
			);
			name = SimpleNews;
			productName = SimpleNews;
			productReference = 4CDC8BED14F2CDEB00D42EA5 /* SimpleNews.app */;
			productType = "com.apple.product-type.application";
		};
/* End PBXNativeTarget section */

/* Begin PBXProject section */
		4CDC8BE414F2CDEB00D42EA5 /* Project object */ = {
			isa = PBXProject;
			attributes = {
				LastUpgradeCheck = 0420;
				ORGANIZATIONNAME = "Sparkle Mountain, LLC";
			};
			buildConfigurationList = 4CDC8BE714F2CDEB00D42EA5 /* Build configuration list for PBXProject "SimpleNews" */;
			compatibilityVersion = "Xcode 3.2";
			developmentRegion = English;
			hasScannedForEncodings = 0;
			knownRegions = (
				en,
			);
			mainGroup = 4CDC8BE214F2CDEB00D42EA5;
			productRefGroup = 4CDC8BEE14F2CDEB00D42EA5 /* Products */;
			projectDirPath = "";
			projectRoot = "";
			targets = (
				4CDC8BEC14F2CDEB00D42EA5 /* SimpleNews */,
			);
		};
/* End PBXProject section */

/* Begin PBXResourcesBuildPhase section */
		4CDC8BEB14F2CDEB00D42EA5 /* Resources */ = {
			isa = PBXResourcesBuildPhase;
			buildActionMask = 2147483647;
			files = (
				4CDC8BFC14F2CDEB00D42EA5 /* InfoPlist.strings in Resources */,
				4CDC8C0814F2CDEB00D42EA5 /* SNViewController_iPhone.xib in Resources */,
				4CDC8C0B14F2CDEB00D42EA5 /* SNViewController_iPad.xib in Resources */,
				4CDC8C8514F2DB4000D42EA5 /* video_items.plist in Resources */,
				4CDC8C8A14F2E3E000D42EA5 /* Jurassic Park - Dodson & Nedry.mp4 in Resources */,
				4CB2289A14F3529600F5618D /* HelveticaNeueLTStd-Bd.otf in Resources */,
				4CB2289B14F3529600F5618D /* HelveticaNeueLTStd-Md.otf in Resources */,
				4CB2289C14F3529600F5618D /* HelveticaNeueLTStd-Roman.otf in Resources */,
				4CB228BE14F4438D00F5618D /* checkMark.png in Resources */,
				4CB228BF14F4438D00F5618D /* checkMark@2x.png in Resources */,
				4CB228F314F4872800F5618D /* loader_Image01_Business-iPhone.jpg in Resources */,
				4CB228F414F4872800F5618D /* loader_Image01_Business-iPhone@2x.jpg in Resources */,
				4CB228F514F4872800F5618D /* loader_Image01_Tech-iPhone.jpg in Resources */,
				4CB228F614F4872800F5618D /* loader_Image01_Tech-iPhone@2x.jpg in Resources */,
				4CB228F714F4872800F5618D /* loader_Image01_Trending-iPhone.jpg in Resources */,
				4CB228F814F4872800F5618D /* loader_Image01_Trending-iPhone@2x.jpg in Resources */,
				4CB228F914F4872800F5618D /* loader_Image03_Sports-iPhone.jpg in Resources */,
				4CB228FA14F4872800F5618D /* loader_Image03_Sports-iPhone@2x.jpg in Resources */,
				4C48967714FB415E00C55125 /* airPlayIconButton_active.png in Resources */,
				4C48967814FB415E00C55125 /* airPlayIconButton_active@2x.png in Resources */,
				4C48967914FB415E00C55125 /* airPlayIconButton_nonActive.png in Resources */,
				4C48967A14FB415E00C55125 /* airPlayIconButton_nonActive@2x.png in Resources */,
				4C8B444714FEA7D300F89F7C /* fpo_tapVideo.mp3 in Resources */,
				4C7D600E14FF02B600156054 /* fpo_startVideo.mp3 in Resources */,
				4C0C331A14FF790400A3EB60 /* video_player.html in Resources */,
				4C36538215031964006A4FFE /* twitterWidgetPic.png in Resources */,
				4C36538315031964006A4FFE /* twitterWidgetPic@2x.png in Resources */,
				4C36538415031964006A4FFE /* weatherWidgetSun.png in Resources */,
				4C36538515031964006A4FFE /* weatherWidgetSun@2x.png in Resources */,
				4CAF9D401506AFEB00AB3735 /* channels.plist in Resources */,
				4CEF4A701506D58E00A1AD7E /* options.plist in Resources */,
				4CEF4A761506EA3800A1AD7E /* blinkingCursor.png in Resources */,
				4CEF4A771506EA3800A1AD7E /* blinkingCursor@2x.png in Resources */,
				4CEF4A821506EB3100A1AD7E /* hd-icon.png in Resources */,
				4CEF4A831506EB3100A1AD7E /* hd-icon@2x.png in Resources */,
				4CEF4A941506EBE800A1AD7E /* pauseButton_Active.png in Resources */,
				4CEF4A951506EBE800A1AD7E /* pauseButton_Active@2x.png in Resources */,
				4CEF4A961506EBE800A1AD7E /* pauseButton_iPad_Active.png in Resources */,
				4CEF4A971506EBE800A1AD7E /* pauseButton_iPad_Active@2x.png in Resources */,
				4CEF4A981506EBE800A1AD7E /* pauseButton_iPad_nonActive.png in Resources */,
				4CEF4A991506EBE800A1AD7E /* pauseButton_iPad_nonActive@2x.png in Resources */,
				4CEF4A9A1506EBE800A1AD7E /* pauseButton_nonActive.png in Resources */,
				4CEF4A9B1506EBE800A1AD7E /* pauseButton_nonActive@2x.png in Resources */,
				4CEF4A9C1506EBE800A1AD7E /* playButton_Active.png in Resources */,
				4CEF4A9D1506EBE800A1AD7E /* playButton_Active@2x.png in Resources */,
				4CEF4A9E1506EBE800A1AD7E /* playButton_iPad_Active.png in Resources */,
				4CEF4A9F1506EBE800A1AD7E /* playButton_iPad_Active@2x.png in Resources */,
				4CEF4AA01506EBE800A1AD7E /* playButton_iPad_nonActive.png in Resources */,
				4CEF4AA11506EBE800A1AD7E /* playButton_iPad_nonActive@2x.png in Resources */,
				4CEF4AA21506EBE800A1AD7E /* playButton_nonActive.png in Resources */,
				4CEF4AA31506EBE800A1AD7E /* playButton_nonActive@2x.png in Resources */,
				4CEF4AAD1506F3E000A1AD7E /* pagination_nonActive.png in Resources */,
				4CEF4AAE1506F3E000A1AD7E /* pagination_nonActive@2x.png in Resources */,
				4CEF4AAF1506F3E000A1AD7E /* paginationActive.png in Resources */,
				4CEF4AB01506F3E000A1AD7E /* paginationActive@2x.png in Resources */,
				4CEF4AB11506F3E000A1AD7E /* paginationBG.png in Resources */,
				4CEF4AB21506F3E000A1AD7E /* paginationBG@2x.png in Resources */,
				4CE53DE81509E9FB004C6810 /* icon_57x57.png in Resources */,
				4CE53DEA1509EA55004C6810 /* icon_114x114.png in Resources */,
				4CE53DED1509EAA3004C6810 /* Default.png in Resources */,
				4CE53DEE1509EAA3004C6810 /* Default@2x.png in Resources */,
				4CE53DF21509EE9C004C6810 /* Default-iPad_landscape@2x.png in Resources */,
				4CE53DF41509EEA2004C6810 /* Default-Landscape~ipad.png in Resources */,
				4CE53DF91509F136004C6810 /* closeButton_active.png in Resources */,
				4CE53DFA1509F136004C6810 /* closeButton_active@2x.png in Resources */,
				4CE53DFB1509F136004C6810 /* closeButton_nonActive.png in Resources */,
				4CE53DFC1509F136004C6810 /* closeButton_nonActive@2x.png in Resources */,
				4CE53E011509F1BD004C6810 /* shareButton_active.png in Resources */,
				4CE53E021509F1BD004C6810 /* shareButton_active@2x.png in Resources */,
				4CE53E031509F1BD004C6810 /* shareButton_nonActive.png in Resources */,
				4CE53E041509F1BD004C6810 /* shareButton_nonActive@2x.png in Resources */,
			);
			runOnlyForDeploymentPostprocessing = 0;
		};
/* End PBXResourcesBuildPhase section */

/* Begin PBXSourcesBuildPhase section */
		4CDC8BE914F2CDEB00D42EA5 /* Sources */ = {
			isa = PBXSourcesBuildPhase;
			buildActionMask = 2147483647;
			files = (
				4CDC8BFE14F2CDEB00D42EA5 /* main.m in Sources */,
				4CDC8C1814F2D07000D42EA5 /* SNAppDelegate.m in Sources */,
				4CDC8C4B14F2D71800D42EA5 /* ASIAuthenticationDialog.m in Sources */,
				4CDC8C4C14F2D71800D42EA5 /* ASIDataCompressor.m in Sources */,
				4CDC8C4D14F2D71800D42EA5 /* ASIDataDecompressor.m in Sources */,
				4CDC8C4E14F2D71800D42EA5 /* ASIDownloadCache.m in Sources */,
				4CDC8C4F14F2D71800D42EA5 /* ASIFormDataRequest.m in Sources */,
				4CDC8C5014F2D71800D42EA5 /* ASIHTTPRequest.m in Sources */,
				4CDC8C5114F2D71800D42EA5 /* ASIInputStream.m in Sources */,
				4CDC8C5214F2D71800D42EA5 /* ASINetworkQueue.m in Sources */,
				4CDC8C5314F2D71800D42EA5 /* EGOCache.m in Sources */,
				4CDC8C5414F2D71800D42EA5 /* EGOImageButton.m in Sources */,
				4CDC8C5514F2D71800D42EA5 /* EGOImageLoadConnection.m in Sources */,
				4CDC8C5614F2D71800D42EA5 /* EGOImageLoader.m in Sources */,
				4CDC8C5714F2D71800D42EA5 /* EGOImageView.m in Sources */,
				4CDC8C5814F2D71800D42EA5 /* MBProgressHUD.m in Sources */,
				4CDC8C7714F2D80300D42EA5 /* Reachability.m in Sources */,
				4CE1212514F2FDDE0024171A /* SNVideoItemVO.m in Sources */,
				4CB2291C14F60E1100F5618D /* SNVideoSearchView_iPhone.m in Sources */,
				4CB2293014F7013400F5618D /* TableViewPullAppDelegate.m in Sources */,
				4CB2293414F7017D00F5618D /* EGORefreshTableHeaderView.m in Sources */,
				4C48968D14FB76DC00C55125 /* SNBaseListItemView_iPhone.m in Sources */,
				4C91180214FD61D5001F8FD0 /* SNLogoView.m in Sources */,
				4C91180614FD66BC001F8FD0 /* SNClockView.m in Sources */,
				4C8B445C14FEE80200F89F7C /* UIImage+StackBlur.m in Sources */,
				4C7D601214FF0E5C00156054 /* SNNoAirplayView_iPhone.m in Sources */,
				4C0C332A1500545100A3EB60 /* SNPlayingListViewController_iPhone.m in Sources */,
				4C0C332D150054B500A3EB60 /* SNPlayingVideoItemView_iPhone.m in Sources */,
				4C365362150167EE006A4FFE /* SNNoAirplayView_iPad.m in Sources */,
				4C36536515016AB4006A4FFE /* SNVideoGridViewController_iPad.m in Sources */,
				4CAF9D32150429B200AB3735 /* SNVideoPlayerViewController_iPhone.m in Sources */,
				4CAF9D3515043FD300AB3735 /* SNVideoItemView_iPad.m in Sources */,
				4CAF9D381505627300AB3735 /* SNTestVideoView.m in Sources */,
				4CAF9D3B1505787500AB3735 /* SNNoWifiView_iPhone.m in Sources */,
				4CAF9D431506B06400AB3735 /* SNChannelVO.m in Sources */,
				4CAF9D461506B1B100AB3735 /* SNChannelItemView_iPhone.m in Sources */,
				4CAF9D4B1506D1D100AB3735 /* SNOptionItemView_iPhone.m in Sources */,
				4CAF9D4C1506D1D100AB3735 /* SNOptionsListView_iPhone.m in Sources */,
				4CEF4A6E1506D46E00A1AD7E /* SNOptionVO.m in Sources */,
				4CEF4AA61506ED1B00A1AD7E /* SNChannelGridViewController_iPhone.m in Sources */,
				4CEF4AB91506F44000A1AD7E /* SNPaginationView.m in Sources */,
				4C9267CB15095AEC000015D3 /* PSYouTubeExtractor.m in Sources */,
			);
			runOnlyForDeploymentPostprocessing = 0;
		};
/* End PBXSourcesBuildPhase section */

/* Begin PBXVariantGroup section */
		4CDC8BFA14F2CDEB00D42EA5 /* InfoPlist.strings */ = {
			isa = PBXVariantGroup;
			children = (
				4CDC8BFB14F2CDEB00D42EA5 /* en */,
			);
			name = InfoPlist.strings;
			sourceTree = "<group>";
		};
		4CDC8C0614F2CDEB00D42EA5 /* SNViewController_iPhone.xib */ = {
			isa = PBXVariantGroup;
			children = (
				4CDC8C0714F2CDEB00D42EA5 /* en */,
			);
			name = SNViewController_iPhone.xib;
			sourceTree = "<group>";
		};
		4CDC8C0914F2CDEB00D42EA5 /* SNViewController_iPad.xib */ = {
			isa = PBXVariantGroup;
			children = (
				4CDC8C0A14F2CDEB00D42EA5 /* en */,
			);
			name = SNViewController_iPad.xib;
			sourceTree = "<group>";
		};
/* End PBXVariantGroup section */

/* Begin XCBuildConfiguration section */
		4CDC8C0C14F2CDEB00D42EA5 /* Debug */ = {
			isa = XCBuildConfiguration;
			buildSettings = {
				ALWAYS_SEARCH_USER_PATHS = NO;
				ARCHS = "$(ARCHS_STANDARD_32_BIT)";
				CLANG_ENABLE_OBJC_ARC = NO;
				"CODE_SIGN_IDENTITY[sdk=iphoneos*]" = "iPhone Developer";
				COPY_PHASE_STRIP = NO;
				GCC_C_LANGUAGE_STANDARD = gnu99;
				GCC_DYNAMIC_NO_PIC = NO;
				GCC_OPTIMIZATION_LEVEL = 0;
				GCC_PREPROCESSOR_DEFINITIONS = (
					"DEBUG=1",
					"$(inherited)",
				);
				GCC_SYMBOLS_PRIVATE_EXTERN = NO;
				GCC_VERSION = com.apple.compilers.llvm.clang.1_0;
				GCC_WARN_ABOUT_MISSING_PROTOTYPES = YES;
				GCC_WARN_ABOUT_RETURN_TYPE = YES;
				GCC_WARN_UNUSED_VARIABLE = YES;
				IPHONEOS_DEPLOYMENT_TARGET = 5.0;
				"PROVISIONING_PROFILE[sdk=iphoneos*]" = "";
				SDKROOT = iphoneos;
				TARGETED_DEVICE_FAMILY = "1,2";
			};
			name = Debug;
		};
		4CDC8C0D14F2CDEB00D42EA5 /* Release */ = {
			isa = XCBuildConfiguration;
			buildSettings = {
				ALWAYS_SEARCH_USER_PATHS = NO;
				ARCHS = "$(ARCHS_STANDARD_32_BIT)";
				CLANG_ENABLE_OBJC_ARC = NO;
				"CODE_SIGN_IDENTITY[sdk=iphoneos*]" = "iPhone Developer: Matthew Holcombe (RTUXT9B8RZ)";
				COPY_PHASE_STRIP = YES;
				GCC_C_LANGUAGE_STANDARD = gnu99;
				GCC_VERSION = com.apple.compilers.llvm.clang.1_0;
				GCC_WARN_ABOUT_MISSING_PROTOTYPES = YES;
				GCC_WARN_ABOUT_RETURN_TYPE = YES;
				GCC_WARN_UNUSED_VARIABLE = YES;
				IPHONEOS_DEPLOYMENT_TARGET = 5.0;
				OTHER_CFLAGS = "-DNS_BLOCK_ASSERTIONS=1";
				"PROVISIONING_PROFILE[sdk=iphoneos*]" = "FCDC819E-2320-42B1-B10A-95059506B7F3";
				SDKROOT = iphoneos;
				TARGETED_DEVICE_FAMILY = "1,2";
				VALIDATE_PRODUCT = YES;
			};
			name = Release;
		};
		4CDC8C0F14F2CDEB00D42EA5 /* Debug */ = {
			isa = XCBuildConfiguration;
			buildSettings = {
				GCC_PRECOMPILE_PREFIX_HEADER = YES;
				GCC_PREFIX_HEADER = "SimpleNews/SimpleNews-Prefix.pch";
				INFOPLIST_FILE = "SimpleNews/SimpleNews-Info.plist";
				PRODUCT_NAME = "$(TARGET_NAME)";
				WRAPPER_EXTENSION = app;
			};
			name = Debug;
		};
		4CDC8C1014F2CDEB00D42EA5 /* Release */ = {
			isa = XCBuildConfiguration;
			buildSettings = {
				GCC_PRECOMPILE_PREFIX_HEADER = YES;
				GCC_PREFIX_HEADER = "SimpleNews/SimpleNews-Prefix.pch";
				INFOPLIST_FILE = "SimpleNews/SimpleNews-Info.plist";
				PRODUCT_NAME = "$(TARGET_NAME)";
				WRAPPER_EXTENSION = app;
			};
			name = Release;
		};
/* End XCBuildConfiguration section */

/* Begin XCConfigurationList section */
		4CDC8BE714F2CDEB00D42EA5 /* Build configuration list for PBXProject "SimpleNews" */ = {
			isa = XCConfigurationList;
			buildConfigurations = (
				4CDC8C0C14F2CDEB00D42EA5 /* Debug */,
				4CDC8C0D14F2CDEB00D42EA5 /* Release */,
			);
			defaultConfigurationIsVisible = 0;
			defaultConfigurationName = Release;
		};
		4CDC8C0E14F2CDEB00D42EA5 /* Build configuration list for PBXNativeTarget "SimpleNews" */ = {
			isa = XCConfigurationList;
			buildConfigurations = (
				4CDC8C0F14F2CDEB00D42EA5 /* Debug */,
				4CDC8C1014F2CDEB00D42EA5 /* Release */,
			);
			defaultConfigurationIsVisible = 0;
			defaultConfigurationName = Release;
		};
/* End XCConfigurationList section */
	};
	rootObject = 4CDC8BE414F2CDEB00D42EA5 /* Project object */;
}
